// !$*UTF8*$!
{
	archiveVersion = 1;
	classes = {
	};
	objectVersion = 46;
	objects = {

/* Begin PBXBuildFile section */
		1C610A7B1DA251E70005795B /* PropertySearchRequest.swift in Sources */ = {isa = PBXBuildFile; fileRef = 1C6316581DA236C400F2D367 /* PropertySearchRequest.swift */; };
		1C610A7C1DA251E70005795B /* PropertySearchResponse.swift in Sources */ = {isa = PBXBuildFile; fileRef = 1C6316591DA236C400F2D367 /* PropertySearchResponse.swift */; };
		1C610A7D1DA251E70005795B /* PropertySearchResponseHandler.swift in Sources */ = {isa = PBXBuildFile; fileRef = 1C6316621DA237F300F2D367 /* PropertySearchResponseHandler.swift */; };
		1C63165A1DA236C400F2D367 /* PropertyLocationRequest.swift in Sources */ = {isa = PBXBuildFile; fileRef = 1C6316561DA236C400F2D367 /* PropertyLocationRequest.swift */; };
		1C63165B1DA236C400F2D367 /* PropertyLocationResponse.swift in Sources */ = {isa = PBXBuildFile; fileRef = 1C6316571DA236C400F2D367 /* PropertyLocationResponse.swift */; };
		1C6316601DA2370800F2D367 /* PropertySearchRequestTest.swift in Sources */ = {isa = PBXBuildFile; fileRef = 1C63165F1DA2370800F2D367 /* PropertySearchRequestTest.swift */; };
		1C6316631DA237F300F2D367 /* PropertyLocationResponseHandler.swift in Sources */ = {isa = PBXBuildFile; fileRef = 1C6316611DA237F300F2D367 /* PropertyLocationResponseHandler.swift */; };
		7BAC77501DDAFA2100BD8ADE /* AES.framework in Frameworks */ = {isa = PBXBuildFile; fileRef = 7BAC774F1DDAFA2100BD8ADE /* AES.framework */; };
		7BAC77531DDAFAC200BD8ADE /* NetworkPlistConfiguration.swift in Sources */ = {isa = PBXBuildFile; fileRef = 7BAC77521DDAFAC200BD8ADE /* NetworkPlistConfiguration.swift */; };
		7BAC775B1DDB09A800BD8ADE /* PGinfo.data in Resources */ = {isa = PBXBuildFile; fileRef = 7BAC775A1DDB09A800BD8ADE /* PGinfo.data */; };
		D95E1BE71D88D63400F94976 /* PGNetworkSDK.framework in Frameworks */ = {isa = PBXBuildFile; fileRef = D95E1BDD1D88D63300F94976 /* PGNetworkSDK.framework */; };
		D95E1BEE1D88D63400F94976 /* PGNetworkSDK.h in Headers */ = {isa = PBXBuildFile; fileRef = D95E1BE01D88D63300F94976 /* PGNetworkSDK.h */; settings = {ATTRIBUTES = (Public, ); }; };
		ED58D21D1DBF4CAC008610A4 /* PGAgentTest.swift in Sources */ = {isa = PBXBuildFile; fileRef = ED58D21C1DBF4CAC008610A4 /* PGAgentTest.swift */; };
		ED58D21F1DBF55FC008610A4 /* PGAgentDetailTest.swift in Sources */ = {isa = PBXBuildFile; fileRef = ED58D21E1DBF55FC008610A4 /* PGAgentDetailTest.swift */; };
		ED96BBDC1DEEBFDC00D49F8C /* BoostExtendTest.swift in Sources */ = {isa = PBXBuildFile; fileRef = ED96BBDB1DEEBFDC00D49F8C /* BoostExtendTest.swift */; };
		EDC7629E1DD070D900DA9F5F /* PGAlertRequest.swift in Sources */ = {isa = PBXBuildFile; fileRef = EDC7629D1DD070D900DA9F5F /* PGAlertRequest.swift */; };
		EDC762A01DD0715900DA9F5F /* PGAlertResponseHandler.swift in Sources */ = {isa = PBXBuildFile; fileRef = EDC7629F1DD0715900DA9F5F /* PGAlertResponseHandler.swift */; };
		EDC762A21DD0716300DA9F5F /* PGAlertResponse.swift in Sources */ = {isa = PBXBuildFile; fileRef = EDC762A11DD0716300DA9F5F /* PGAlertResponse.swift */; };
		EDC762A51DD0778100DA9F5F /* PGAlertTest.swift in Sources */ = {isa = PBXBuildFile; fileRef = EDC762A41DD0778100DA9F5F /* PGAlertTest.swift */; };
		EDC76EE91DE7F81F00F2DB89 /* BoostRequest.swift in Sources */ = {isa = PBXBuildFile; fileRef = EDC76EE61DE7F81F00F2DB89 /* BoostRequest.swift */; };
		EDC76EEA1DE7F81F00F2DB89 /* BoostResponse.swift in Sources */ = {isa = PBXBuildFile; fileRef = EDC76EE71DE7F81F00F2DB89 /* BoostResponse.swift */; };
		EDC76EEB1DE7F81F00F2DB89 /* BoostResponseHandler.swift in Sources */ = {isa = PBXBuildFile; fileRef = EDC76EE81DE7F81F00F2DB89 /* BoostResponseHandler.swift */; };
		EDC76EEE1DE7F83300F2DB89 /* BoostCreateTest.swift in Sources */ = {isa = PBXBuildFile; fileRef = EDC76EED1DE7F83300F2DB89 /* BoostCreateTest.swift */; };
		EDC76F0F1DEC147C00F2DB89 /* BoostActiveTest.swift in Sources */ = {isa = PBXBuildFile; fileRef = EDC76F0E1DEC147B00F2DB89 /* BoostActiveTest.swift */; };
		EDC76F111DEC14A000F2DB89 /* BoostChargeTest.swift in Sources */ = {isa = PBXBuildFile; fileRef = EDC76F101DEC14A000F2DB89 /* BoostChargeTest.swift */; };
		EDC76F131DEC14AA00F2DB89 /* CreditQueryTest.swift in Sources */ = {isa = PBXBuildFile; fileRef = EDC76F121DEC14AA00F2DB89 /* CreditQueryTest.swift */; };
		EDCC4D081DCC47EC0057A3BD /* PGShortlistRequestHandler.swift in Sources */ = {isa = PBXBuildFile; fileRef = EDCC4D071DCC47EC0057A3BD /* PGShortlistRequestHandler.swift */; };
		EDCC4D0A1DCC4AB10057A3BD /* PGShortlistResponse.swift in Sources */ = {isa = PBXBuildFile; fileRef = EDCC4D091DCC4AB10057A3BD /* PGShortlistResponse.swift */; };
		EDDA424D1DD9BD0D000AFFB5 /* PriceTrend.swift in Sources */ = {isa = PBXBuildFile; fileRef = EDDA424C1DD9BD0D000AFFB5 /* PriceTrend.swift */; };
		EDDA424F1DDAA389000AFFB5 /* PriceTrendRequest.swift in Sources */ = {isa = PBXBuildFile; fileRef = EDDA424E1DDAA389000AFFB5 /* PriceTrendRequest.swift */; };
		EDDA42511DDAA554000AFFB5 /* PriceTrendResponse.swift in Sources */ = {isa = PBXBuildFile; fileRef = EDDA42501DDAA554000AFFB5 /* PriceTrendResponse.swift */; };
		EDDA42541DDAC6FE000AFFB5 /* PriceTrendTest.swift in Sources */ = {isa = PBXBuildFile; fileRef = EDDA42531DDAC6FE000AFFB5 /* PriceTrendTest.swift */; };
		EDDF68291D93B82100D6436A /* PGAgentRequest.swift in Sources */ = {isa = PBXBuildFile; fileRef = EDDF67E31D93B82100D6436A /* PGAgentRequest.swift */; };
		EDDF682A1D93B82100D6436A /* PGAgentResponse.swift in Sources */ = {isa = PBXBuildFile; fileRef = EDDF67E41D93B82100D6436A /* PGAgentResponse.swift */; };
		EDDF682B1D93B82100D6436A /* PGAgentResponseHandler.swift in Sources */ = {isa = PBXBuildFile; fileRef = EDDF67E51D93B82100D6436A /* PGAgentResponseHandler.swift */; };
		EDDF682C1D93B82100D6436A /* PGAutocompleteRequest.swift in Sources */ = {isa = PBXBuildFile; fileRef = EDDF67E71D93B82100D6436A /* PGAutocompleteRequest.swift */; };
		EDDF682D1D93B82100D6436A /* PGAutocompleteResponse.swift in Sources */ = {isa = PBXBuildFile; fileRef = EDDF67E81D93B82100D6436A /* PGAutocompleteResponse.swift */; };
		EDDF682E1D93B82100D6436A /* PGAutocompleteResponseHandler.swift in Sources */ = {isa = PBXBuildFile; fileRef = EDDF67E91D93B82100D6436A /* PGAutocompleteResponseHandler.swift */; };
		EDDF682F1D93B82100D6436A /* PGCalculator.swift in Sources */ = {isa = PBXBuildFile; fileRef = EDDF67EB1D93B82100D6436A /* PGCalculator.swift */; };
		EDDF68301D93B82100D6436A /* PGCalculatorHandler.swift in Sources */ = {isa = PBXBuildFile; fileRef = EDDF67EC1D93B82100D6436A /* PGCalculatorHandler.swift */; };
		EDDF68311D93B82100D6436A /* PGCalculatorRequest.swift in Sources */ = {isa = PBXBuildFile; fileRef = EDDF67ED1D93B82100D6436A /* PGCalculatorRequest.swift */; };
		EDDF68321D93B82100D6436A /* CondoCSAQueryRequest.swift in Sources */ = {isa = PBXBuildFile; fileRef = EDDF67EF1D93B82100D6436A /* CondoCSAQueryRequest.swift */; };
		EDDF68331D93B82100D6436A /* CondoCSAQueryResponse.swift in Sources */ = {isa = PBXBuildFile; fileRef = EDDF67F01D93B82100D6436A /* CondoCSAQueryResponse.swift */; };
		EDDF68341D93B82100D6436A /* CondoCSAQueryResponseHandler.swift in Sources */ = {isa = PBXBuildFile; fileRef = EDDF67F11D93B82100D6436A /* CondoCSAQueryResponseHandler.swift */; };
		EDDF68351D93B82100D6436A /* CondoDetailRequest.swift in Sources */ = {isa = PBXBuildFile; fileRef = EDDF67F21D93B82100D6436A /* CondoDetailRequest.swift */; };
		EDDF68361D93B82100D6436A /* CondoDetailResponse.swift in Sources */ = {isa = PBXBuildFile; fileRef = EDDF67F31D93B82100D6436A /* CondoDetailResponse.swift */; };
		EDDF68371D93B82100D6436A /* CondoDetailResponseHandler.swift in Sources */ = {isa = PBXBuildFile; fileRef = EDDF67F41D93B82100D6436A /* CondoDetailResponseHandler.swift */; };
		EDDF68381D93B82100D6436A /* CondoListingsRequest.swift in Sources */ = {isa = PBXBuildFile; fileRef = EDDF67F51D93B82100D6436A /* CondoListingsRequest.swift */; };
		EDDF68391D93B82100D6436A /* CondoListRequest.swift in Sources */ = {isa = PBXBuildFile; fileRef = EDDF67F61D93B82100D6436A /* CondoListRequest.swift */; };
		EDDF683A1D93B82100D6436A /* CondoListResponse.swift in Sources */ = {isa = PBXBuildFile; fileRef = EDDF67F71D93B82100D6436A /* CondoListResponse.swift */; };
		EDDF683B1D93B82100D6436A /* CondoListResponseHandler.swift in Sources */ = {isa = PBXBuildFile; fileRef = EDDF67F81D93B82100D6436A /* CondoListResponseHandler.swift */; };
		EDDF683C1D93B82100D6436A /* PGListingDetailRequest.swift in Sources */ = {isa = PBXBuildFile; fileRef = EDDF67FA1D93B82100D6436A /* PGListingDetailRequest.swift */; };
		EDDF683D1D93B82100D6436A /* PGListingDetailResponse+Init.swift in Sources */ = {isa = PBXBuildFile; fileRef = EDDF67FB1D93B82100D6436A /* PGListingDetailResponse+Init.swift */; };
		EDDF683E1D93B82100D6436A /* PGListingDetailResponse.swift in Sources */ = {isa = PBXBuildFile; fileRef = EDDF67FC1D93B82100D6436A /* PGListingDetailResponse.swift */; };
		EDDF683F1D93B82100D6436A /* PGListingDetailResponseHandler.swift in Sources */ = {isa = PBXBuildFile; fileRef = EDDF67FD1D93B82100D6436A /* PGListingDetailResponseHandler.swift */; };
		EDDF68401D93B82100D6436A /* PGListingEnquiryRequest.swift in Sources */ = {isa = PBXBuildFile; fileRef = EDDF67FE1D93B82100D6436A /* PGListingEnquiryRequest.swift */; };
		EDDF68411D93B82100D6436A /* PGListingEnquiryResponse.swift in Sources */ = {isa = PBXBuildFile; fileRef = EDDF67FF1D93B82100D6436A /* PGListingEnquiryResponse.swift */; };
		EDDF68421D93B82100D6436A /* PGDeveloperProjectResponse.swift in Sources */ = {isa = PBXBuildFile; fileRef = EDDF68011D93B82100D6436A /* PGDeveloperProjectResponse.swift */; };
		EDDF68431D93B82100D6436A /* PGDeveloperProjectResponseHandler.swift in Sources */ = {isa = PBXBuildFile; fileRef = EDDF68021D93B82100D6436A /* PGDeveloperProjectResponseHandler.swift */; };
		EDDF68441D93B82100D6436A /* PGNewLaunchesRequest.swift in Sources */ = {isa = PBXBuildFile; fileRef = EDDF68031D93B82100D6436A /* PGNewLaunchesRequest.swift */; };
		EDDF68451D93B82100D6436A /* PGNewLaunchesResponse.swift in Sources */ = {isa = PBXBuildFile; fileRef = EDDF68041D93B82100D6436A /* PGNewLaunchesResponse.swift */; };
		EDDF68461D93B82100D6436A /* PGNewLaunchesResponseHandler.swift in Sources */ = {isa = PBXBuildFile; fileRef = EDDF68051D93B82100D6436A /* PGNewLaunchesResponseHandler.swift */; };
		EDDF68471D93B82100D6436A /* PGNewsRequest.swift in Sources */ = {isa = PBXBuildFile; fileRef = EDDF68071D93B82100D6436A /* PGNewsRequest.swift */; };
		EDDF68481D93B82100D6436A /* PGNewsResponse.swift in Sources */ = {isa = PBXBuildFile; fileRef = EDDF68081D93B82100D6436A /* PGNewsResponse.swift */; };
		EDDF68491D93B82100D6436A /* PGNewsResponseHandler.swift in Sources */ = {isa = PBXBuildFile; fileRef = EDDF68091D93B82100D6436A /* PGNewsResponseHandler.swift */; };
		EDDF684A1D93B82100D6436A /* PGOverseasRequest.swift in Sources */ = {isa = PBXBuildFile; fileRef = EDDF680B1D93B82100D6436A /* PGOverseasRequest.swift */; };
		EDDF684B1D93B82100D6436A /* PGOverseasResponse.swift in Sources */ = {isa = PBXBuildFile; fileRef = EDDF680C1D93B82100D6436A /* PGOverseasResponse.swift */; };
		EDDF684C1D93B82100D6436A /* PGOverseasResponseHandler.swift in Sources */ = {isa = PBXBuildFile; fileRef = EDDF680D1D93B82100D6436A /* PGOverseasResponseHandler.swift */; };
		EDDF684D1D93B82100D6436A /* PGReferenceDataRequests.swift in Sources */ = {isa = PBXBuildFile; fileRef = EDDF680F1D93B82100D6436A /* PGReferenceDataRequests.swift */; };
		EDDF684E1D93B82100D6436A /* PGReferenceDataResponses.swift in Sources */ = {isa = PBXBuildFile; fileRef = EDDF68101D93B82100D6436A /* PGReferenceDataResponses.swift */; };
		EDDF684F1D93B82100D6436A /* PGReferenceDataResponsesHandler.swift in Sources */ = {isa = PBXBuildFile; fileRef = EDDF68111D93B82100D6436A /* PGReferenceDataResponsesHandler.swift */; };
		EDDF68501D93B82100D6436A /* PGShortlistRequest.swift in Sources */ = {isa = PBXBuildFile; fileRef = EDDF68131D93B82100D6436A /* PGShortlistRequest.swift */; };
		EDDF68511D93B82100D6436A /* CondoTransactionRequest.swift in Sources */ = {isa = PBXBuildFile; fileRef = EDDF68151D93B82100D6436A /* CondoTransactionRequest.swift */; };
		EDDF68521D93B82100D6436A /* CondoTransactionResponse.swift in Sources */ = {isa = PBXBuildFile; fileRef = EDDF68161D93B82100D6436A /* CondoTransactionResponse.swift */; };
		EDDF68531D93B82100D6436A /* CondoTransactionResponseHandler.swift in Sources */ = {isa = PBXBuildFile; fileRef = EDDF68171D93B82100D6436A /* CondoTransactionResponseHandler.swift */; };
		EDDF68541D93B82100D6436A /* PGUserRequest.swift in Sources */ = {isa = PBXBuildFile; fileRef = EDDF68191D93B82100D6436A /* PGUserRequest.swift */; };
		EDDF68551D93B82100D6436A /* PGUserResponse.swift in Sources */ = {isa = PBXBuildFile; fileRef = EDDF681A1D93B82100D6436A /* PGUserResponse.swift */; };
		EDDF68561D93B82100D6436A /* PGUserResponseHandler.swift in Sources */ = {isa = PBXBuildFile; fileRef = EDDF681B1D93B82100D6436A /* PGUserResponseHandler.swift */; };
		EDDF68571D93B82100D6436A /* Bulldog.swift in Sources */ = {isa = PBXBuildFile; fileRef = EDDF681D1D93B82100D6436A /* Bulldog.swift */; };
		EDDF68581D93B82100D6436A /* PGApiRequest.swift in Sources */ = {isa = PBXBuildFile; fileRef = EDDF681E1D93B82100D6436A /* PGApiRequest.swift */; };
		EDDF68591D93B82100D6436A /* PGNetworkError.swift in Sources */ = {isa = PBXBuildFile; fileRef = EDDF681F1D93B82100D6436A /* PGNetworkError.swift */; };
		EDDF685A1D93B82100D6436A /* PGNetworkManager.swift in Sources */ = {isa = PBXBuildFile; fileRef = EDDF68201D93B82100D6436A /* PGNetworkManager.swift */; };
		EDDF685B1D93B82100D6436A /* PGRequest.swift in Sources */ = {isa = PBXBuildFile; fileRef = EDDF68211D93B82100D6436A /* PGRequest.swift */; };
		EDDF685C1D93B82100D6436A /* PGResponse.swift in Sources */ = {isa = PBXBuildFile; fileRef = EDDF68221D93B82100D6436A /* PGResponse.swift */; };
		EDDF685E1D93B82100D6436A /* PGNetworkSDKConfiguration.swift in Sources */ = {isa = PBXBuildFile; fileRef = EDDF68251D93B82100D6436A /* PGNetworkSDKConfiguration.swift */; };
		EDDF685F1D93B82100D6436A /* PGNetworkHelper.swift in Sources */ = {isa = PBXBuildFile; fileRef = EDDF68271D93B82100D6436A /* PGNetworkHelper.swift */; };
		EDDF68601D93B82100D6436A /* PGSharedModels.swift in Sources */ = {isa = PBXBuildFile; fileRef = EDDF68281D93B82100D6436A /* PGSharedModels.swift */; };
		EDDF68C21D93BA6500D6436A /* PGAutocompleteTest.swift in Sources */ = {isa = PBXBuildFile; fileRef = EDDF689F1D93BA6500D6436A /* PGAutocompleteTest.swift */; };
		EDDF68C31D93BA6500D6436A /* PGCalculatorTest.swift in Sources */ = {isa = PBXBuildFile; fileRef = EDDF68A11D93BA6500D6436A /* PGCalculatorTest.swift */; };
		EDDF68C41D93BA6500D6436A /* PGCondoDetailTest.swift in Sources */ = {isa = PBXBuildFile; fileRef = EDDF68A31D93BA6500D6436A /* PGCondoDetailTest.swift */; };
		EDDF68C51D93BA6500D6436A /* PGCondoListingsTest.swift in Sources */ = {isa = PBXBuildFile; fileRef = EDDF68A41D93BA6500D6436A /* PGCondoListingsTest.swift */; };
		EDDF68C61D93BA6500D6436A /* PGCondoListTest.swift in Sources */ = {isa = PBXBuildFile; fileRef = EDDF68A51D93BA6500D6436A /* PGCondoListTest.swift */; };
		EDDF68C71D93BA6500D6436A /* ListingDetailTest.swift in Sources */ = {isa = PBXBuildFile; fileRef = EDDF68A71D93BA6500D6436A /* ListingDetailTest.swift */; };
		EDDF68C81D93BA6500D6436A /* PGListingEnquiryTest.swift in Sources */ = {isa = PBXBuildFile; fileRef = EDDF68A81D93BA6500D6436A /* PGListingEnquiryTest.swift */; };
		EDDF68C91D93BA6500D6436A /* SimilarListingDetailTest.swift in Sources */ = {isa = PBXBuildFile; fileRef = EDDF68A91D93BA6500D6436A /* SimilarListingDetailTest.swift */; };
		EDDF68CA1D93BA6500D6436A /* PGNewLaunchesTest.swift in Sources */ = {isa = PBXBuildFile; fileRef = EDDF68AB1D93BA6500D6436A /* PGNewLaunchesTest.swift */; };
		EDDF68CB1D93BA6500D6436A /* PGNewsRequestTest.swift in Sources */ = {isa = PBXBuildFile; fileRef = EDDF68AD1D93BA6500D6436A /* PGNewsRequestTest.swift */; };
		EDDF68CC1D93BA6500D6436A /* PGOverseasTest.swift in Sources */ = {isa = PBXBuildFile; fileRef = EDDF68AF1D93BA6500D6436A /* PGOverseasTest.swift */; };
		EDDF68CD1D93BA6500D6436A /* PGReferenceDataRequestTest.swift in Sources */ = {isa = PBXBuildFile; fileRef = EDDF68B11D93BA6500D6436A /* PGReferenceDataRequestTest.swift */; };
		EDDF68CE1D93BA6500D6436A /* PGReferenceResponseTest.swift in Sources */ = {isa = PBXBuildFile; fileRef = EDDF68B21D93BA6500D6436A /* PGReferenceResponseTest.swift */; };
		EDDF68CF1D93BA6500D6436A /* PGShortlistRequestTest.swift in Sources */ = {isa = PBXBuildFile; fileRef = EDDF68B41D93BA6500D6436A /* PGShortlistRequestTest.swift */; };
		EDDF68D01D93BA6500D6436A /* UserRequestTest.swift in Sources */ = {isa = PBXBuildFile; fileRef = EDDF68B61D93BA6500D6436A /* UserRequestTest.swift */; };
		EDDF68D11D93BA6500D6436A /* Mocks.swift in Sources */ = {isa = PBXBuildFile; fileRef = EDDF68B81D93BA6500D6436A /* Mocks.swift */; };
		EDDF68D21D93BA6500D6436A /* PGApiRequestTest.swift in Sources */ = {isa = PBXBuildFile; fileRef = EDDF68B91D93BA6500D6436A /* PGApiRequestTest.swift */; };
		EDDF68D31D93BA6500D6436A /* PGNetworkManagerTest.swift in Sources */ = {isa = PBXBuildFile; fileRef = EDDF68BA1D93BA6500D6436A /* PGNetworkManagerTest.swift */; };
		EDDF68D41D93BA6500D6436A /* PGRequestTest.swift in Sources */ = {isa = PBXBuildFile; fileRef = EDDF68BB1D93BA6500D6436A /* PGRequestTest.swift */; };
		EDDF68D51D93BA6500D6436A /* PGResponseTest.swift in Sources */ = {isa = PBXBuildFile; fileRef = EDDF68BC1D93BA6500D6436A /* PGResponseTest.swift */; };
		EDDF68D61D93BA6500D6436A /* PGSDKConfigurationTest.swift in Sources */ = {isa = PBXBuildFile; fileRef = EDDF68BE1D93BA6500D6436A /* PGSDKConfigurationTest.swift */; };
		EDDF68D71D93BA6500D6436A /* TestSampleJson.plist in Resources */ = {isa = PBXBuildFile; fileRef = EDDF68BF1D93BA6500D6436A /* TestSampleJson.plist */; };
		EDDF68D81D93BA6500D6436A /* PGNetworkHelperTest.swift in Sources */ = {isa = PBXBuildFile; fileRef = EDDF68C11D93BA6500D6436A /* PGNetworkHelperTest.swift */; };
/* End PBXBuildFile section */

/* Begin PBXContainerItemProxy section */
		D95E1BE81D88D63400F94976 /* PBXContainerItemProxy */ = {
			isa = PBXContainerItemProxy;
			containerPortal = D95E1BD41D88D63200F94976 /* Project object */;
			proxyType = 1;
			remoteGlobalIDString = D95E1BDC1D88D63300F94976;
			remoteInfo = PGNetworkSDK;
		};
/* End PBXContainerItemProxy section */

/* Begin PBXFileReference section */
		1C6316561DA236C400F2D367 /* PropertyLocationRequest.swift */ = {isa = PBXFileReference; fileEncoding = 4; lastKnownFileType = sourcecode.swift; path = PropertyLocationRequest.swift; sourceTree = "<group>"; };
		1C6316571DA236C400F2D367 /* PropertyLocationResponse.swift */ = {isa = PBXFileReference; fileEncoding = 4; lastKnownFileType = sourcecode.swift; path = PropertyLocationResponse.swift; sourceTree = "<group>"; };
		1C6316581DA236C400F2D367 /* PropertySearchRequest.swift */ = {isa = PBXFileReference; fileEncoding = 4; lastKnownFileType = sourcecode.swift; path = PropertySearchRequest.swift; sourceTree = "<group>"; };
		1C6316591DA236C400F2D367 /* PropertySearchResponse.swift */ = {isa = PBXFileReference; fileEncoding = 4; lastKnownFileType = sourcecode.swift; path = PropertySearchResponse.swift; sourceTree = "<group>"; };
		1C63165F1DA2370800F2D367 /* PropertySearchRequestTest.swift */ = {isa = PBXFileReference; fileEncoding = 4; lastKnownFileType = sourcecode.swift; path = PropertySearchRequestTest.swift; sourceTree = "<group>"; };
		1C6316611DA237F300F2D367 /* PropertyLocationResponseHandler.swift */ = {isa = PBXFileReference; fileEncoding = 4; lastKnownFileType = sourcecode.swift; path = PropertyLocationResponseHandler.swift; sourceTree = "<group>"; };
		1C6316621DA237F300F2D367 /* PropertySearchResponseHandler.swift */ = {isa = PBXFileReference; fileEncoding = 4; lastKnownFileType = sourcecode.swift; path = PropertySearchResponseHandler.swift; sourceTree = "<group>"; };
		7BAC774F1DDAFA2100BD8ADE /* AES.framework */ = {isa = PBXFileReference; lastKnownFileType = wrapper.framework; name = AES.framework; path = Carthage/Build/iOS/AES.framework; sourceTree = "<group>"; };
		7BAC77521DDAFAC200BD8ADE /* NetworkPlistConfiguration.swift */ = {isa = PBXFileReference; fileEncoding = 4; lastKnownFileType = sourcecode.swift; path = NetworkPlistConfiguration.swift; sourceTree = "<group>"; };
		7BAC77551DDAFC2C00BD8ADE /* AES256Encrypter */ = {isa = PBXFileReference; lastKnownFileType = "compiled.mach-o.executable"; path = AES256Encrypter; sourceTree = "<group>"; };
		7BAC77561DDAFC2C00BD8ADE /* main.swift */ = {isa = PBXFileReference; lastKnownFileType = sourcecode.swift; path = main.swift; sourceTree = "<group>"; };
		7BAC775A1DDB09A800BD8ADE /* PGinfo.data */ = {isa = PBXFileReference; lastKnownFileType = file; path = PGinfo.data; sourceTree = "<group>"; };
		D95E1BDD1D88D63300F94976 /* PGNetworkSDK.framework */ = {isa = PBXFileReference; explicitFileType = wrapper.framework; includeInIndex = 0; path = PGNetworkSDK.framework; sourceTree = BUILT_PRODUCTS_DIR; };
		D95E1BE01D88D63300F94976 /* PGNetworkSDK.h */ = {isa = PBXFileReference; lastKnownFileType = sourcecode.c.h; path = PGNetworkSDK.h; sourceTree = "<group>"; };
		D95E1BE11D88D63300F94976 /* Info.plist */ = {isa = PBXFileReference; lastKnownFileType = text.plist.xml; path = Info.plist; sourceTree = "<group>"; };
		D95E1BE61D88D63400F94976 /* PGNetworkSDKTests.xctest */ = {isa = PBXFileReference; explicitFileType = wrapper.cfbundle; includeInIndex = 0; path = PGNetworkSDKTests.xctest; sourceTree = BUILT_PRODUCTS_DIR; };
		D95E1BED1D88D63400F94976 /* Info.plist */ = {isa = PBXFileReference; lastKnownFileType = text.plist.xml; path = Info.plist; sourceTree = "<group>"; };
		ED58D21C1DBF4CAC008610A4 /* PGAgentTest.swift */ = {isa = PBXFileReference; fileEncoding = 4; lastKnownFileType = sourcecode.swift; path = PGAgentTest.swift; sourceTree = "<group>"; };
		ED58D21E1DBF55FC008610A4 /* PGAgentDetailTest.swift */ = {isa = PBXFileReference; fileEncoding = 4; lastKnownFileType = sourcecode.swift; path = PGAgentDetailTest.swift; sourceTree = "<group>"; };
		ED84B07A1DDC371F0025F4C8 /* PullRequest.sh */ = {isa = PBXFileReference; lastKnownFileType = text.script.sh; path = PullRequest.sh; sourceTree = "<group>"; };
		ED96BBDB1DEEBFDC00D49F8C /* BoostExtendTest.swift */ = {isa = PBXFileReference; fileEncoding = 4; lastKnownFileType = sourcecode.swift; path = BoostExtendTest.swift; sourceTree = "<group>"; };
		EDC7629D1DD070D900DA9F5F /* PGAlertRequest.swift */ = {isa = PBXFileReference; fileEncoding = 4; lastKnownFileType = sourcecode.swift; path = PGAlertRequest.swift; sourceTree = "<group>"; };
		EDC7629F1DD0715900DA9F5F /* PGAlertResponseHandler.swift */ = {isa = PBXFileReference; fileEncoding = 4; lastKnownFileType = sourcecode.swift; path = PGAlertResponseHandler.swift; sourceTree = "<group>"; };
		EDC762A11DD0716300DA9F5F /* PGAlertResponse.swift */ = {isa = PBXFileReference; fileEncoding = 4; lastKnownFileType = sourcecode.swift; path = PGAlertResponse.swift; sourceTree = "<group>"; };
		EDC762A41DD0778100DA9F5F /* PGAlertTest.swift */ = {isa = PBXFileReference; fileEncoding = 4; lastKnownFileType = sourcecode.swift; path = PGAlertTest.swift; sourceTree = "<group>"; };
		EDC76EE61DE7F81F00F2DB89 /* BoostRequest.swift */ = {isa = PBXFileReference; fileEncoding = 4; lastKnownFileType = sourcecode.swift; path = BoostRequest.swift; sourceTree = "<group>"; };
		EDC76EE71DE7F81F00F2DB89 /* BoostResponse.swift */ = {isa = PBXFileReference; fileEncoding = 4; lastKnownFileType = sourcecode.swift; path = BoostResponse.swift; sourceTree = "<group>"; };
		EDC76EE81DE7F81F00F2DB89 /* BoostResponseHandler.swift */ = {isa = PBXFileReference; fileEncoding = 4; lastKnownFileType = sourcecode.swift; path = BoostResponseHandler.swift; sourceTree = "<group>"; };
		EDC76EED1DE7F83300F2DB89 /* BoostCreateTest.swift */ = {isa = PBXFileReference; fileEncoding = 4; lastKnownFileType = sourcecode.swift; path = BoostCreateTest.swift; sourceTree = "<group>"; };
		EDC76F0E1DEC147B00F2DB89 /* BoostActiveTest.swift */ = {isa = PBXFileReference; fileEncoding = 4; lastKnownFileType = sourcecode.swift; path = BoostActiveTest.swift; sourceTree = "<group>"; };
		EDC76F101DEC14A000F2DB89 /* BoostChargeTest.swift */ = {isa = PBXFileReference; fileEncoding = 4; lastKnownFileType = sourcecode.swift; path = BoostChargeTest.swift; sourceTree = "<group>"; };
		EDC76F121DEC14AA00F2DB89 /* CreditQueryTest.swift */ = {isa = PBXFileReference; fileEncoding = 4; lastKnownFileType = sourcecode.swift; path = CreditQueryTest.swift; sourceTree = "<group>"; };
		EDCC4D071DCC47EC0057A3BD /* PGShortlistRequestHandler.swift */ = {isa = PBXFileReference; fileEncoding = 4; lastKnownFileType = sourcecode.swift; path = PGShortlistRequestHandler.swift; sourceTree = "<group>"; };
		EDCC4D091DCC4AB10057A3BD /* PGShortlistResponse.swift */ = {isa = PBXFileReference; fileEncoding = 4; lastKnownFileType = sourcecode.swift; path = PGShortlistResponse.swift; sourceTree = "<group>"; };
		EDDA424C1DD9BD0D000AFFB5 /* PriceTrend.swift */ = {isa = PBXFileReference; fileEncoding = 4; lastKnownFileType = sourcecode.swift; path = PriceTrend.swift; sourceTree = "<group>"; };
		EDDA424E1DDAA389000AFFB5 /* PriceTrendRequest.swift */ = {isa = PBXFileReference; fileEncoding = 4; lastKnownFileType = sourcecode.swift; path = PriceTrendRequest.swift; sourceTree = "<group>"; };
		EDDA42501DDAA554000AFFB5 /* PriceTrendResponse.swift */ = {isa = PBXFileReference; fileEncoding = 4; lastKnownFileType = sourcecode.swift; path = PriceTrendResponse.swift; sourceTree = "<group>"; };
		EDDA42531DDAC6FE000AFFB5 /* PriceTrendTest.swift */ = {isa = PBXFileReference; fileEncoding = 4; lastKnownFileType = sourcecode.swift; path = PriceTrendTest.swift; sourceTree = "<group>"; };
		EDDF67E31D93B82100D6436A /* PGAgentRequest.swift */ = {isa = PBXFileReference; fileEncoding = 4; lastKnownFileType = sourcecode.swift; path = PGAgentRequest.swift; sourceTree = "<group>"; };
		EDDF67E41D93B82100D6436A /* PGAgentResponse.swift */ = {isa = PBXFileReference; fileEncoding = 4; lastKnownFileType = sourcecode.swift; path = PGAgentResponse.swift; sourceTree = "<group>"; };
		EDDF67E51D93B82100D6436A /* PGAgentResponseHandler.swift */ = {isa = PBXFileReference; fileEncoding = 4; lastKnownFileType = sourcecode.swift; path = PGAgentResponseHandler.swift; sourceTree = "<group>"; };
		EDDF67E71D93B82100D6436A /* PGAutocompleteRequest.swift */ = {isa = PBXFileReference; fileEncoding = 4; lastKnownFileType = sourcecode.swift; path = PGAutocompleteRequest.swift; sourceTree = "<group>"; };
		EDDF67E81D93B82100D6436A /* PGAutocompleteResponse.swift */ = {isa = PBXFileReference; fileEncoding = 4; lastKnownFileType = sourcecode.swift; path = PGAutocompleteResponse.swift; sourceTree = "<group>"; };
		EDDF67E91D93B82100D6436A /* PGAutocompleteResponseHandler.swift */ = {isa = PBXFileReference; fileEncoding = 4; lastKnownFileType = sourcecode.swift; path = PGAutocompleteResponseHandler.swift; sourceTree = "<group>"; };
		EDDF67EB1D93B82100D6436A /* PGCalculator.swift */ = {isa = PBXFileReference; fileEncoding = 4; lastKnownFileType = sourcecode.swift; path = PGCalculator.swift; sourceTree = "<group>"; };
		EDDF67EC1D93B82100D6436A /* PGCalculatorHandler.swift */ = {isa = PBXFileReference; fileEncoding = 4; lastKnownFileType = sourcecode.swift; path = PGCalculatorHandler.swift; sourceTree = "<group>"; };
		EDDF67ED1D93B82100D6436A /* PGCalculatorRequest.swift */ = {isa = PBXFileReference; fileEncoding = 4; lastKnownFileType = sourcecode.swift; path = PGCalculatorRequest.swift; sourceTree = "<group>"; };
		EDDF67EF1D93B82100D6436A /* CondoCSAQueryRequest.swift */ = {isa = PBXFileReference; fileEncoding = 4; lastKnownFileType = sourcecode.swift; path = CondoCSAQueryRequest.swift; sourceTree = "<group>"; };
		EDDF67F01D93B82100D6436A /* CondoCSAQueryResponse.swift */ = {isa = PBXFileReference; fileEncoding = 4; lastKnownFileType = sourcecode.swift; path = CondoCSAQueryResponse.swift; sourceTree = "<group>"; };
		EDDF67F11D93B82100D6436A /* CondoCSAQueryResponseHandler.swift */ = {isa = PBXFileReference; fileEncoding = 4; lastKnownFileType = sourcecode.swift; path = CondoCSAQueryResponseHandler.swift; sourceTree = "<group>"; };
		EDDF67F21D93B82100D6436A /* CondoDetailRequest.swift */ = {isa = PBXFileReference; fileEncoding = 4; lastKnownFileType = sourcecode.swift; path = CondoDetailRequest.swift; sourceTree = "<group>"; };
		EDDF67F31D93B82100D6436A /* CondoDetailResponse.swift */ = {isa = PBXFileReference; fileEncoding = 4; lastKnownFileType = sourcecode.swift; path = CondoDetailResponse.swift; sourceTree = "<group>"; };
		EDDF67F41D93B82100D6436A /* CondoDetailResponseHandler.swift */ = {isa = PBXFileReference; fileEncoding = 4; lastKnownFileType = sourcecode.swift; path = CondoDetailResponseHandler.swift; sourceTree = "<group>"; };
		EDDF67F51D93B82100D6436A /* CondoListingsRequest.swift */ = {isa = PBXFileReference; fileEncoding = 4; lastKnownFileType = sourcecode.swift; path = CondoListingsRequest.swift; sourceTree = "<group>"; };
		EDDF67F61D93B82100D6436A /* CondoListRequest.swift */ = {isa = PBXFileReference; fileEncoding = 4; lastKnownFileType = sourcecode.swift; path = CondoListRequest.swift; sourceTree = "<group>"; };
		EDDF67F71D93B82100D6436A /* CondoListResponse.swift */ = {isa = PBXFileReference; fileEncoding = 4; lastKnownFileType = sourcecode.swift; path = CondoListResponse.swift; sourceTree = "<group>"; };
		EDDF67F81D93B82100D6436A /* CondoListResponseHandler.swift */ = {isa = PBXFileReference; fileEncoding = 4; lastKnownFileType = sourcecode.swift; path = CondoListResponseHandler.swift; sourceTree = "<group>"; };
		EDDF67FA1D93B82100D6436A /* PGListingDetailRequest.swift */ = {isa = PBXFileReference; fileEncoding = 4; lastKnownFileType = sourcecode.swift; path = PGListingDetailRequest.swift; sourceTree = "<group>"; };
		EDDF67FB1D93B82100D6436A /* PGListingDetailResponse+Init.swift */ = {isa = PBXFileReference; fileEncoding = 4; lastKnownFileType = sourcecode.swift; path = "PGListingDetailResponse+Init.swift"; sourceTree = "<group>"; };
		EDDF67FC1D93B82100D6436A /* PGListingDetailResponse.swift */ = {isa = PBXFileReference; fileEncoding = 4; lastKnownFileType = sourcecode.swift; path = PGListingDetailResponse.swift; sourceTree = "<group>"; };
		EDDF67FD1D93B82100D6436A /* PGListingDetailResponseHandler.swift */ = {isa = PBXFileReference; fileEncoding = 4; lastKnownFileType = sourcecode.swift; path = PGListingDetailResponseHandler.swift; sourceTree = "<group>"; };
		EDDF67FE1D93B82100D6436A /* PGListingEnquiryRequest.swift */ = {isa = PBXFileReference; fileEncoding = 4; lastKnownFileType = sourcecode.swift; path = PGListingEnquiryRequest.swift; sourceTree = "<group>"; };
		EDDF67FF1D93B82100D6436A /* PGListingEnquiryResponse.swift */ = {isa = PBXFileReference; fileEncoding = 4; lastKnownFileType = sourcecode.swift; path = PGListingEnquiryResponse.swift; sourceTree = "<group>"; };
		EDDF68011D93B82100D6436A /* PGDeveloperProjectResponse.swift */ = {isa = PBXFileReference; fileEncoding = 4; lastKnownFileType = sourcecode.swift; path = PGDeveloperProjectResponse.swift; sourceTree = "<group>"; };
		EDDF68021D93B82100D6436A /* PGDeveloperProjectResponseHandler.swift */ = {isa = PBXFileReference; fileEncoding = 4; lastKnownFileType = sourcecode.swift; path = PGDeveloperProjectResponseHandler.swift; sourceTree = "<group>"; };
		EDDF68031D93B82100D6436A /* PGNewLaunchesRequest.swift */ = {isa = PBXFileReference; fileEncoding = 4; lastKnownFileType = sourcecode.swift; path = PGNewLaunchesRequest.swift; sourceTree = "<group>"; };
		EDDF68041D93B82100D6436A /* PGNewLaunchesResponse.swift */ = {isa = PBXFileReference; fileEncoding = 4; lastKnownFileType = sourcecode.swift; path = PGNewLaunchesResponse.swift; sourceTree = "<group>"; };
		EDDF68051D93B82100D6436A /* PGNewLaunchesResponseHandler.swift */ = {isa = PBXFileReference; fileEncoding = 4; lastKnownFileType = sourcecode.swift; path = PGNewLaunchesResponseHandler.swift; sourceTree = "<group>"; };
		EDDF68071D93B82100D6436A /* PGNewsRequest.swift */ = {isa = PBXFileReference; fileEncoding = 4; lastKnownFileType = sourcecode.swift; path = PGNewsRequest.swift; sourceTree = "<group>"; };
		EDDF68081D93B82100D6436A /* PGNewsResponse.swift */ = {isa = PBXFileReference; fileEncoding = 4; lastKnownFileType = sourcecode.swift; path = PGNewsResponse.swift; sourceTree = "<group>"; };
		EDDF68091D93B82100D6436A /* PGNewsResponseHandler.swift */ = {isa = PBXFileReference; fileEncoding = 4; lastKnownFileType = sourcecode.swift; path = PGNewsResponseHandler.swift; sourceTree = "<group>"; };
		EDDF680B1D93B82100D6436A /* PGOverseasRequest.swift */ = {isa = PBXFileReference; fileEncoding = 4; lastKnownFileType = sourcecode.swift; path = PGOverseasRequest.swift; sourceTree = "<group>"; };
		EDDF680C1D93B82100D6436A /* PGOverseasResponse.swift */ = {isa = PBXFileReference; fileEncoding = 4; lastKnownFileType = sourcecode.swift; path = PGOverseasResponse.swift; sourceTree = "<group>"; };
		EDDF680D1D93B82100D6436A /* PGOverseasResponseHandler.swift */ = {isa = PBXFileReference; fileEncoding = 4; lastKnownFileType = sourcecode.swift; path = PGOverseasResponseHandler.swift; sourceTree = "<group>"; };
		EDDF680F1D93B82100D6436A /* PGReferenceDataRequests.swift */ = {isa = PBXFileReference; fileEncoding = 4; lastKnownFileType = sourcecode.swift; path = PGReferenceDataRequests.swift; sourceTree = "<group>"; };
		EDDF68101D93B82100D6436A /* PGReferenceDataResponses.swift */ = {isa = PBXFileReference; fileEncoding = 4; lastKnownFileType = sourcecode.swift; path = PGReferenceDataResponses.swift; sourceTree = "<group>"; };
		EDDF68111D93B82100D6436A /* PGReferenceDataResponsesHandler.swift */ = {isa = PBXFileReference; fileEncoding = 4; lastKnownFileType = sourcecode.swift; path = PGReferenceDataResponsesHandler.swift; sourceTree = "<group>"; };
		EDDF68131D93B82100D6436A /* PGShortlistRequest.swift */ = {isa = PBXFileReference; fileEncoding = 4; lastKnownFileType = sourcecode.swift; path = PGShortlistRequest.swift; sourceTree = "<group>"; };
		EDDF68151D93B82100D6436A /* CondoTransactionRequest.swift */ = {isa = PBXFileReference; fileEncoding = 4; lastKnownFileType = sourcecode.swift; path = CondoTransactionRequest.swift; sourceTree = "<group>"; };
		EDDF68161D93B82100D6436A /* CondoTransactionResponse.swift */ = {isa = PBXFileReference; fileEncoding = 4; lastKnownFileType = sourcecode.swift; path = CondoTransactionResponse.swift; sourceTree = "<group>"; };
		EDDF68171D93B82100D6436A /* CondoTransactionResponseHandler.swift */ = {isa = PBXFileReference; fileEncoding = 4; lastKnownFileType = sourcecode.swift; path = CondoTransactionResponseHandler.swift; sourceTree = "<group>"; };
		EDDF68191D93B82100D6436A /* PGUserRequest.swift */ = {isa = PBXFileReference; fileEncoding = 4; lastKnownFileType = sourcecode.swift; path = PGUserRequest.swift; sourceTree = "<group>"; };
		EDDF681A1D93B82100D6436A /* PGUserResponse.swift */ = {isa = PBXFileReference; fileEncoding = 4; lastKnownFileType = sourcecode.swift; path = PGUserResponse.swift; sourceTree = "<group>"; };
		EDDF681B1D93B82100D6436A /* PGUserResponseHandler.swift */ = {isa = PBXFileReference; fileEncoding = 4; lastKnownFileType = sourcecode.swift; path = PGUserResponseHandler.swift; sourceTree = "<group>"; };
		EDDF681D1D93B82100D6436A /* Bulldog.swift */ = {isa = PBXFileReference; fileEncoding = 4; lastKnownFileType = sourcecode.swift; path = Bulldog.swift; sourceTree = "<group>"; };
		EDDF681E1D93B82100D6436A /* PGApiRequest.swift */ = {isa = PBXFileReference; fileEncoding = 4; lastKnownFileType = sourcecode.swift; path = PGApiRequest.swift; sourceTree = "<group>"; };
		EDDF681F1D93B82100D6436A /* PGNetworkError.swift */ = {isa = PBXFileReference; fileEncoding = 4; lastKnownFileType = sourcecode.swift; path = PGNetworkError.swift; sourceTree = "<group>"; };
		EDDF68201D93B82100D6436A /* PGNetworkManager.swift */ = {isa = PBXFileReference; fileEncoding = 4; lastKnownFileType = sourcecode.swift; path = PGNetworkManager.swift; sourceTree = "<group>"; };
		EDDF68211D93B82100D6436A /* PGRequest.swift */ = {isa = PBXFileReference; fileEncoding = 4; lastKnownFileType = sourcecode.swift; path = PGRequest.swift; sourceTree = "<group>"; };
		EDDF68221D93B82100D6436A /* PGResponse.swift */ = {isa = PBXFileReference; fileEncoding = 4; lastKnownFileType = sourcecode.swift; path = PGResponse.swift; sourceTree = "<group>"; };
		EDDF68241D93B82100D6436A /* PGNetworkApiPath.plist */ = {isa = PBXFileReference; fileEncoding = 4; lastKnownFileType = text.plist.xml; path = PGNetworkApiPath.plist; sourceTree = "<group>"; };
		EDDF68251D93B82100D6436A /* PGNetworkSDKConfiguration.swift */ = {isa = PBXFileReference; fileEncoding = 4; lastKnownFileType = sourcecode.swift; path = PGNetworkSDKConfiguration.swift; sourceTree = "<group>"; };
		EDDF68271D93B82100D6436A /* PGNetworkHelper.swift */ = {isa = PBXFileReference; fileEncoding = 4; lastKnownFileType = sourcecode.swift; path = PGNetworkHelper.swift; sourceTree = "<group>"; };
		EDDF68281D93B82100D6436A /* PGSharedModels.swift */ = {isa = PBXFileReference; fileEncoding = 4; lastKnownFileType = sourcecode.swift; path = PGSharedModels.swift; sourceTree = "<group>"; };
		EDDF689F1D93BA6500D6436A /* PGAutocompleteTest.swift */ = {isa = PBXFileReference; fileEncoding = 4; lastKnownFileType = sourcecode.swift; path = PGAutocompleteTest.swift; sourceTree = "<group>"; };
		EDDF68A11D93BA6500D6436A /* PGCalculatorTest.swift */ = {isa = PBXFileReference; fileEncoding = 4; lastKnownFileType = sourcecode.swift; path = PGCalculatorTest.swift; sourceTree = "<group>"; };
		EDDF68A31D93BA6500D6436A /* PGCondoDetailTest.swift */ = {isa = PBXFileReference; fileEncoding = 4; lastKnownFileType = sourcecode.swift; path = PGCondoDetailTest.swift; sourceTree = "<group>"; };
		EDDF68A41D93BA6500D6436A /* PGCondoListingsTest.swift */ = {isa = PBXFileReference; fileEncoding = 4; lastKnownFileType = sourcecode.swift; path = PGCondoListingsTest.swift; sourceTree = "<group>"; };
		EDDF68A51D93BA6500D6436A /* PGCondoListTest.swift */ = {isa = PBXFileReference; fileEncoding = 4; lastKnownFileType = sourcecode.swift; path = PGCondoListTest.swift; sourceTree = "<group>"; };
		EDDF68A71D93BA6500D6436A /* ListingDetailTest.swift */ = {isa = PBXFileReference; fileEncoding = 4; lastKnownFileType = sourcecode.swift; path = ListingDetailTest.swift; sourceTree = "<group>"; };
		EDDF68A81D93BA6500D6436A /* PGListingEnquiryTest.swift */ = {isa = PBXFileReference; fileEncoding = 4; lastKnownFileType = sourcecode.swift; path = PGListingEnquiryTest.swift; sourceTree = "<group>"; };
		EDDF68A91D93BA6500D6436A /* SimilarListingDetailTest.swift */ = {isa = PBXFileReference; fileEncoding = 4; lastKnownFileType = sourcecode.swift; path = SimilarListingDetailTest.swift; sourceTree = "<group>"; };
		EDDF68AB1D93BA6500D6436A /* PGNewLaunchesTest.swift */ = {isa = PBXFileReference; fileEncoding = 4; lastKnownFileType = sourcecode.swift; path = PGNewLaunchesTest.swift; sourceTree = "<group>"; };
		EDDF68AD1D93BA6500D6436A /* PGNewsRequestTest.swift */ = {isa = PBXFileReference; fileEncoding = 4; lastKnownFileType = sourcecode.swift; path = PGNewsRequestTest.swift; sourceTree = "<group>"; };
		EDDF68AF1D93BA6500D6436A /* PGOverseasTest.swift */ = {isa = PBXFileReference; fileEncoding = 4; lastKnownFileType = sourcecode.swift; path = PGOverseasTest.swift; sourceTree = "<group>"; };
		EDDF68B11D93BA6500D6436A /* PGReferenceDataRequestTest.swift */ = {isa = PBXFileReference; fileEncoding = 4; lastKnownFileType = sourcecode.swift; path = PGReferenceDataRequestTest.swift; sourceTree = "<group>"; };
		EDDF68B21D93BA6500D6436A /* PGReferenceResponseTest.swift */ = {isa = PBXFileReference; fileEncoding = 4; lastKnownFileType = sourcecode.swift; path = PGReferenceResponseTest.swift; sourceTree = "<group>"; };
		EDDF68B41D93BA6500D6436A /* PGShortlistRequestTest.swift */ = {isa = PBXFileReference; fileEncoding = 4; lastKnownFileType = sourcecode.swift; path = PGShortlistRequestTest.swift; sourceTree = "<group>"; };
		EDDF68B61D93BA6500D6436A /* UserRequestTest.swift */ = {isa = PBXFileReference; fileEncoding = 4; lastKnownFileType = sourcecode.swift; path = UserRequestTest.swift; sourceTree = "<group>"; };
		EDDF68B81D93BA6500D6436A /* Mocks.swift */ = {isa = PBXFileReference; fileEncoding = 4; lastKnownFileType = sourcecode.swift; path = Mocks.swift; sourceTree = "<group>"; };
		EDDF68B91D93BA6500D6436A /* PGApiRequestTest.swift */ = {isa = PBXFileReference; fileEncoding = 4; lastKnownFileType = sourcecode.swift; path = PGApiRequestTest.swift; sourceTree = "<group>"; };
		EDDF68BA1D93BA6500D6436A /* PGNetworkManagerTest.swift */ = {isa = PBXFileReference; fileEncoding = 4; lastKnownFileType = sourcecode.swift; path = PGNetworkManagerTest.swift; sourceTree = "<group>"; };
		EDDF68BB1D93BA6500D6436A /* PGRequestTest.swift */ = {isa = PBXFileReference; fileEncoding = 4; lastKnownFileType = sourcecode.swift; path = PGRequestTest.swift; sourceTree = "<group>"; };
		EDDF68BC1D93BA6500D6436A /* PGResponseTest.swift */ = {isa = PBXFileReference; fileEncoding = 4; lastKnownFileType = sourcecode.swift; path = PGResponseTest.swift; sourceTree = "<group>"; };
		EDDF68BE1D93BA6500D6436A /* PGSDKConfigurationTest.swift */ = {isa = PBXFileReference; fileEncoding = 4; lastKnownFileType = sourcecode.swift; path = PGSDKConfigurationTest.swift; sourceTree = "<group>"; };
		EDDF68BF1D93BA6500D6436A /* TestSampleJson.plist */ = {isa = PBXFileReference; fileEncoding = 4; lastKnownFileType = text.plist.xml; path = TestSampleJson.plist; sourceTree = "<group>"; };
		EDDF68C11D93BA6500D6436A /* PGNetworkHelperTest.swift */ = {isa = PBXFileReference; fileEncoding = 4; lastKnownFileType = sourcecode.swift; path = PGNetworkHelperTest.swift; sourceTree = "<group>"; };
/* End PBXFileReference section */

/* Begin PBXFrameworksBuildPhase section */
		D95E1BD91D88D63300F94976 /* Frameworks */ = {
			isa = PBXFrameworksBuildPhase;
			buildActionMask = 2147483647;
			files = (
				7BAC77501DDAFA2100BD8ADE /* AES.framework in Frameworks */,
			);
			runOnlyForDeploymentPostprocessing = 0;
		};
		D95E1BE31D88D63400F94976 /* Frameworks */ = {
			isa = PBXFrameworksBuildPhase;
			buildActionMask = 2147483647;
			files = (
				D95E1BE71D88D63400F94976 /* PGNetworkSDK.framework in Frameworks */,
			);
			runOnlyForDeploymentPostprocessing = 0;
		};
/* End PBXFrameworksBuildPhase section */

/* Begin PBXGroup section */
		1C6316551DA236C400F2D367 /* Property */ = {
			isa = PBXGroup;
			children = (
				1C6316561DA236C400F2D367 /* PropertyLocationRequest.swift */,
				1C6316571DA236C400F2D367 /* PropertyLocationResponse.swift */,
				1C6316611DA237F300F2D367 /* PropertyLocationResponseHandler.swift */,
				1C6316581DA236C400F2D367 /* PropertySearchRequest.swift */,
				1C6316591DA236C400F2D367 /* PropertySearchResponse.swift */,
				1C6316621DA237F300F2D367 /* PropertySearchResponseHandler.swift */,
			);
			path = Property;
			sourceTree = "<group>";
		};
		1C63165E1DA2370800F2D367 /* Property */ = {
			isa = PBXGroup;
			children = (
				1C63165F1DA2370800F2D367 /* PropertySearchRequestTest.swift */,
			);
			path = Property;
			sourceTree = "<group>";
		};
		7BAC774E1DDAFA2100BD8ADE /* Frameworks */ = {
			isa = PBXGroup;
			children = (
				7BAC774F1DDAFA2100BD8ADE /* AES.framework */,
			);
			name = Frameworks;
			sourceTree = "<group>";
		};
		7BAC77541DDAFC2C00BD8ADE /* Scripts */ = {
			isa = PBXGroup;
			children = (
				7BAC77551DDAFC2C00BD8ADE /* AES256Encrypter */,
				7BAC77561DDAFC2C00BD8ADE /* main.swift */,
				ED84B07A1DDC371F0025F4C8 /* PullRequest.sh */,
			);
			path = Scripts;
			sourceTree = "<group>";
		};
		D95E1BD31D88D63200F94976 = {
			isa = PBXGroup;
			children = (
				7BAC77541DDAFC2C00BD8ADE /* Scripts */,
				D95E1BDF1D88D63300F94976 /* Source */,
				D95E1BEA1D88D63400F94976 /* Tests */,
				D95E1BDE1D88D63300F94976 /* Products */,
				7BAC774E1DDAFA2100BD8ADE /* Frameworks */,
			);
			sourceTree = "<group>";
		};
		D95E1BDE1D88D63300F94976 /* Products */ = {
			isa = PBXGroup;
			children = (
				D95E1BDD1D88D63300F94976 /* PGNetworkSDK.framework */,
				D95E1BE61D88D63400F94976 /* PGNetworkSDKTests.xctest */,
			);
			name = Products;
			sourceTree = "<group>";
		};
		D95E1BDF1D88D63300F94976 /* Source */ = {
			isa = PBXGroup;
			children = (
				EDDF67E11D93B82100D6436A /* EndPoints */,
				EDDF681C1D93B82100D6436A /* Network */,
				EDDF68231D93B82100D6436A /* SDKConfiguration */,
				EDDF68261D93B82100D6436A /* Utilities */,
				EDDF67E01D93B7D800D6436A /* Supporting Files */,
			);
			path = Source;
			sourceTree = "<group>";
		};
		D95E1BEA1D88D63400F94976 /* Tests */ = {
			isa = PBXGroup;
			children = (
				EDDF689D1D93BA6500D6436A /* EndPointsTests */,
				EDDF68B71D93BA6500D6436A /* NetworkTests */,
				EDDF68BD1D93BA6500D6436A /* SDKConfigurationTests */,
				EDDF68C01D93BA6500D6436A /* UtilitiesTests */,
				EDDF68D91D93BAA400D6436A /* Supporting Files */,
			);
			path = Tests;
			sourceTree = "<group>";
		};
		ED58D21B1DBF4C7A008610A4 /* Agent */ = {
			isa = PBXGroup;
			children = (
				ED58D21C1DBF4CAC008610A4 /* PGAgentTest.swift */,
				ED58D21E1DBF55FC008610A4 /* PGAgentDetailTest.swift */,
			);
			path = Agent;
			sourceTree = "<group>";
		};
		EDC7629C1DD070CC00DA9F5F /* Alert */ = {
			isa = PBXGroup;
			children = (
				EDC7629D1DD070D900DA9F5F /* PGAlertRequest.swift */,
				EDC762A11DD0716300DA9F5F /* PGAlertResponse.swift */,
				EDC7629F1DD0715900DA9F5F /* PGAlertResponseHandler.swift */,
			);
			path = Alert;
			sourceTree = "<group>";
		};
		EDC762A31DD0776800DA9F5F /* Alert */ = {
			isa = PBXGroup;
			children = (
				EDC762A41DD0778100DA9F5F /* PGAlertTest.swift */,
			);
			path = Alert;
			sourceTree = "<group>";
		};
		EDC76EE51DE7F81F00F2DB89 /* Boost */ = {
			isa = PBXGroup;
			children = (
				EDC76EE61DE7F81F00F2DB89 /* BoostRequest.swift */,
				EDC76EE71DE7F81F00F2DB89 /* BoostResponse.swift */,
				EDC76EE81DE7F81F00F2DB89 /* BoostResponseHandler.swift */,
			);
			path = Boost;
			sourceTree = "<group>";
		};
		EDC76EEC1DE7F83300F2DB89 /* Boost */ = {
			isa = PBXGroup;
			children = (
				EDC76EED1DE7F83300F2DB89 /* BoostCreateTest.swift */,
				EDC76F0E1DEC147B00F2DB89 /* BoostActiveTest.swift */,
				ED96BBDB1DEEBFDC00D49F8C /* BoostExtendTest.swift */,
				EDC76F101DEC14A000F2DB89 /* BoostChargeTest.swift */,
				EDC76F121DEC14AA00F2DB89 /* CreditQueryTest.swift */,
			);
			path = Boost;
			sourceTree = "<group>";
		};
		EDDA424B1DD9BCFE000AFFB5 /* PriceTrend */ = {
			isa = PBXGroup;
			children = (
				EDDA424C1DD9BD0D000AFFB5 /* PriceTrend.swift */,
				EDDA424E1DDAA389000AFFB5 /* PriceTrendRequest.swift */,
				EDDA42501DDAA554000AFFB5 /* PriceTrendResponse.swift */,
			);
			path = PriceTrend;
			sourceTree = "<group>";
		};
		EDDA42521DDAC6E0000AFFB5 /* PriceTrend */ = {
			isa = PBXGroup;
			children = (
				EDDA42531DDAC6FE000AFFB5 /* PriceTrendTest.swift */,
			);
			path = PriceTrend;
			sourceTree = "<group>";
		};
		EDDF67E01D93B7D800D6436A /* Supporting Files */ = {
			isa = PBXGroup;
			children = (
				D95E1BE01D88D63300F94976 /* PGNetworkSDK.h */,
				D95E1BE11D88D63300F94976 /* Info.plist */,
			);
			name = "Supporting Files";
			sourceTree = "<group>";
		};
		EDDF67E11D93B82100D6436A /* EndPoints */ = {
			isa = PBXGroup;
			children = (
				EDC76EE51DE7F81F00F2DB89 /* Boost */,
				EDDA424B1DD9BCFE000AFFB5 /* PriceTrend */,
				EDC7629C1DD070CC00DA9F5F /* Alert */,
				EDDF67E21D93B82100D6436A /* Agent */,
				EDDF67E61D93B82100D6436A /* Autocomplete */,
				EDDF67EA1D93B82100D6436A /* Calculator */,
				EDDF67EE1D93B82100D6436A /* Condo */,
				EDDF67F91D93B82100D6436A /* Listings */,
				EDDF68001D93B82100D6436A /* NewLaunches */,
				EDDF68061D93B82100D6436A /* News */,
				EDDF680A1D93B82100D6436A /* Overseas */,
				1C6316551DA236C400F2D367 /* Property */,
				EDDF680E1D93B82100D6436A /* ReferenceData */,
				EDDF68121D93B82100D6436A /* Shortlist */,
				EDDF68141D93B82100D6436A /* Transaction */,
				EDDF68181D93B82100D6436A /* User */,
			);
			path = EndPoints;
			sourceTree = "<group>";
		};
		EDDF67E21D93B82100D6436A /* Agent */ = {
			isa = PBXGroup;
			children = (
				EDDF67E31D93B82100D6436A /* PGAgentRequest.swift */,
				EDDF67E41D93B82100D6436A /* PGAgentResponse.swift */,
				EDDF67E51D93B82100D6436A /* PGAgentResponseHandler.swift */,
			);
			path = Agent;
			sourceTree = "<group>";
		};
		EDDF67E61D93B82100D6436A /* Autocomplete */ = {
			isa = PBXGroup;
			children = (
				EDDF67E71D93B82100D6436A /* PGAutocompleteRequest.swift */,
				EDDF67E81D93B82100D6436A /* PGAutocompleteResponse.swift */,
				EDDF67E91D93B82100D6436A /* PGAutocompleteResponseHandler.swift */,
			);
			path = Autocomplete;
			sourceTree = "<group>";
		};
		EDDF67EA1D93B82100D6436A /* Calculator */ = {
			isa = PBXGroup;
			children = (
				EDDF67EB1D93B82100D6436A /* PGCalculator.swift */,
				EDDF67EC1D93B82100D6436A /* PGCalculatorHandler.swift */,
				EDDF67ED1D93B82100D6436A /* PGCalculatorRequest.swift */,
			);
			path = Calculator;
			sourceTree = "<group>";
		};
		EDDF67EE1D93B82100D6436A /* Condo */ = {
			isa = PBXGroup;
			children = (
				EDDF67EF1D93B82100D6436A /* CondoCSAQueryRequest.swift */,
				EDDF67F01D93B82100D6436A /* CondoCSAQueryResponse.swift */,
				EDDF67F11D93B82100D6436A /* CondoCSAQueryResponseHandler.swift */,
				EDDF67F21D93B82100D6436A /* CondoDetailRequest.swift */,
				EDDF67F31D93B82100D6436A /* CondoDetailResponse.swift */,
				EDDF67F41D93B82100D6436A /* CondoDetailResponseHandler.swift */,
				EDDF67F51D93B82100D6436A /* CondoListingsRequest.swift */,
				EDDF67F61D93B82100D6436A /* CondoListRequest.swift */,
				EDDF67F71D93B82100D6436A /* CondoListResponse.swift */,
				EDDF67F81D93B82100D6436A /* CondoListResponseHandler.swift */,
			);
			path = Condo;
			sourceTree = "<group>";
		};
		EDDF67F91D93B82100D6436A /* Listings */ = {
			isa = PBXGroup;
			children = (
				EDDF67FA1D93B82100D6436A /* PGListingDetailRequest.swift */,
				EDDF67FB1D93B82100D6436A /* PGListingDetailResponse+Init.swift */,
				EDDF67FC1D93B82100D6436A /* PGListingDetailResponse.swift */,
				EDDF67FD1D93B82100D6436A /* PGListingDetailResponseHandler.swift */,
				EDDF67FE1D93B82100D6436A /* PGListingEnquiryRequest.swift */,
				EDDF67FF1D93B82100D6436A /* PGListingEnquiryResponse.swift */,
			);
			path = Listings;
			sourceTree = "<group>";
		};
		EDDF68001D93B82100D6436A /* NewLaunches */ = {
			isa = PBXGroup;
			children = (
				EDDF68011D93B82100D6436A /* PGDeveloperProjectResponse.swift */,
				EDDF68021D93B82100D6436A /* PGDeveloperProjectResponseHandler.swift */,
				EDDF68031D93B82100D6436A /* PGNewLaunchesRequest.swift */,
				EDDF68041D93B82100D6436A /* PGNewLaunchesResponse.swift */,
				EDDF68051D93B82100D6436A /* PGNewLaunchesResponseHandler.swift */,
			);
			path = NewLaunches;
			sourceTree = "<group>";
		};
		EDDF68061D93B82100D6436A /* News */ = {
			isa = PBXGroup;
			children = (
				EDDF68071D93B82100D6436A /* PGNewsRequest.swift */,
				EDDF68081D93B82100D6436A /* PGNewsResponse.swift */,
				EDDF68091D93B82100D6436A /* PGNewsResponseHandler.swift */,
			);
			path = News;
			sourceTree = "<group>";
		};
		EDDF680A1D93B82100D6436A /* Overseas */ = {
			isa = PBXGroup;
			children = (
				EDDF680B1D93B82100D6436A /* PGOverseasRequest.swift */,
				EDDF680C1D93B82100D6436A /* PGOverseasResponse.swift */,
				EDDF680D1D93B82100D6436A /* PGOverseasResponseHandler.swift */,
			);
			path = Overseas;
			sourceTree = "<group>";
		};
		EDDF680E1D93B82100D6436A /* ReferenceData */ = {
			isa = PBXGroup;
			children = (
				EDDF680F1D93B82100D6436A /* PGReferenceDataRequests.swift */,
				EDDF68101D93B82100D6436A /* PGReferenceDataResponses.swift */,
				EDDF68111D93B82100D6436A /* PGReferenceDataResponsesHandler.swift */,
			);
			path = ReferenceData;
			sourceTree = "<group>";
		};
		EDDF68121D93B82100D6436A /* Shortlist */ = {
			isa = PBXGroup;
			children = (
				EDDF68131D93B82100D6436A /* PGShortlistRequest.swift */,
				EDCC4D071DCC47EC0057A3BD /* PGShortlistRequestHandler.swift */,
				EDCC4D091DCC4AB10057A3BD /* PGShortlistResponse.swift */,
			);
			path = Shortlist;
			sourceTree = "<group>";
		};
		EDDF68141D93B82100D6436A /* Transaction */ = {
			isa = PBXGroup;
			children = (
				EDDF68151D93B82100D6436A /* CondoTransactionRequest.swift */,
				EDDF68161D93B82100D6436A /* CondoTransactionResponse.swift */,
				EDDF68171D93B82100D6436A /* CondoTransactionResponseHandler.swift */,
			);
			path = Transaction;
			sourceTree = "<group>";
		};
		EDDF68181D93B82100D6436A /* User */ = {
			isa = PBXGroup;
			children = (
				EDDF68191D93B82100D6436A /* PGUserRequest.swift */,
				EDDF681A1D93B82100D6436A /* PGUserResponse.swift */,
				EDDF681B1D93B82100D6436A /* PGUserResponseHandler.swift */,
			);
			path = User;
			sourceTree = "<group>";
		};
		EDDF681C1D93B82100D6436A /* Network */ = {
			isa = PBXGroup;
			children = (
				EDDF681D1D93B82100D6436A /* Bulldog.swift */,
				EDDF681E1D93B82100D6436A /* PGApiRequest.swift */,
				EDDF681F1D93B82100D6436A /* PGNetworkError.swift */,
				EDDF68201D93B82100D6436A /* PGNetworkManager.swift */,
				EDDF68211D93B82100D6436A /* PGRequest.swift */,
				EDDF68221D93B82100D6436A /* PGResponse.swift */,
			);
			path = Network;
			sourceTree = "<group>";
		};
		EDDF68231D93B82100D6436A /* SDKConfiguration */ = {
			isa = PBXGroup;
			children = (
				7BAC775A1DDB09A800BD8ADE /* PGinfo.data */,
				EDDF68241D93B82100D6436A /* PGNetworkApiPath.plist */,
				EDDF68251D93B82100D6436A /* PGNetworkSDKConfiguration.swift */,
				7BAC77521DDAFAC200BD8ADE /* NetworkPlistConfiguration.swift */,
			);
			path = SDKConfiguration;
			sourceTree = "<group>";
		};
		EDDF68261D93B82100D6436A /* Utilities */ = {
			isa = PBXGroup;
			children = (
				EDDF68271D93B82100D6436A /* PGNetworkHelper.swift */,
				EDDF68281D93B82100D6436A /* PGSharedModels.swift */,
			);
			path = Utilities;
			sourceTree = "<group>";
		};
		EDDF689D1D93BA6500D6436A /* EndPointsTests */ = {
			isa = PBXGroup;
			children = (
				EDC76EEC1DE7F83300F2DB89 /* Boost */,
				EDDA42521DDAC6E0000AFFB5 /* PriceTrend */,
				EDC762A31DD0776800DA9F5F /* Alert */,
				ED58D21B1DBF4C7A008610A4 /* Agent */,
				EDDF689E1D93BA6500D6436A /* Autocomplete */,
				EDDF68A01D93BA6500D6436A /* Calculator */,
				EDDF68A21D93BA6500D6436A /* Condo */,
				EDDF68A61D93BA6500D6436A /* Listings */,
				EDDF68AA1D93BA6500D6436A /* NewLaunches */,
				EDDF68AC1D93BA6500D6436A /* News */,
				EDDF68AE1D93BA6500D6436A /* Overseas */,
				1C63165E1DA2370800F2D367 /* Property */,
				EDDF68B01D93BA6500D6436A /* ReferenceData */,
				EDDF68B31D93BA6500D6436A /* Shortlist */,
				EDDF68B51D93BA6500D6436A /* User */,
			);
			path = EndPointsTests;
			sourceTree = "<group>";
		};
		EDDF689E1D93BA6500D6436A /* Autocomplete */ = {
			isa = PBXGroup;
			children = (
				EDDF689F1D93BA6500D6436A /* PGAutocompleteTest.swift */,
			);
			path = Autocomplete;
			sourceTree = "<group>";
		};
		EDDF68A01D93BA6500D6436A /* Calculator */ = {
			isa = PBXGroup;
			children = (
				EDDF68A11D93BA6500D6436A /* PGCalculatorTest.swift */,
			);
			path = Calculator;
			sourceTree = "<group>";
		};
		EDDF68A21D93BA6500D6436A /* Condo */ = {
			isa = PBXGroup;
			children = (
				EDDF68A31D93BA6500D6436A /* PGCondoDetailTest.swift */,
				EDDF68A41D93BA6500D6436A /* PGCondoListingsTest.swift */,
				EDDF68A51D93BA6500D6436A /* PGCondoListTest.swift */,
			);
			path = Condo;
			sourceTree = "<group>";
		};
		EDDF68A61D93BA6500D6436A /* Listings */ = {
			isa = PBXGroup;
			children = (
				EDDF68A71D93BA6500D6436A /* ListingDetailTest.swift */,
				EDDF68A81D93BA6500D6436A /* PGListingEnquiryTest.swift */,
				EDDF68A91D93BA6500D6436A /* SimilarListingDetailTest.swift */,
			);
			path = Listings;
			sourceTree = "<group>";
		};
		EDDF68AA1D93BA6500D6436A /* NewLaunches */ = {
			isa = PBXGroup;
			children = (
				EDDF68AB1D93BA6500D6436A /* PGNewLaunchesTest.swift */,
			);
			path = NewLaunches;
			sourceTree = "<group>";
		};
		EDDF68AC1D93BA6500D6436A /* News */ = {
			isa = PBXGroup;
			children = (
				EDDF68AD1D93BA6500D6436A /* PGNewsRequestTest.swift */,
			);
			path = News;
			sourceTree = "<group>";
		};
		EDDF68AE1D93BA6500D6436A /* Overseas */ = {
			isa = PBXGroup;
			children = (
				EDDF68AF1D93BA6500D6436A /* PGOverseasTest.swift */,
			);
			path = Overseas;
			sourceTree = "<group>";
		};
		EDDF68B01D93BA6500D6436A /* ReferenceData */ = {
			isa = PBXGroup;
			children = (
				EDDF68B11D93BA6500D6436A /* PGReferenceDataRequestTest.swift */,
				EDDF68B21D93BA6500D6436A /* PGReferenceResponseTest.swift */,
			);
			path = ReferenceData;
			sourceTree = "<group>";
		};
		EDDF68B31D93BA6500D6436A /* Shortlist */ = {
			isa = PBXGroup;
			children = (
				EDDF68B41D93BA6500D6436A /* PGShortlistRequestTest.swift */,
			);
			path = Shortlist;
			sourceTree = "<group>";
		};
		EDDF68B51D93BA6500D6436A /* User */ = {
			isa = PBXGroup;
			children = (
				EDDF68B61D93BA6500D6436A /* UserRequestTest.swift */,
			);
			path = User;
			sourceTree = "<group>";
		};
		EDDF68B71D93BA6500D6436A /* NetworkTests */ = {
			isa = PBXGroup;
			children = (
				EDDF68B81D93BA6500D6436A /* Mocks.swift */,
				EDDF68B91D93BA6500D6436A /* PGApiRequestTest.swift */,
				EDDF68BA1D93BA6500D6436A /* PGNetworkManagerTest.swift */,
				EDDF68BB1D93BA6500D6436A /* PGRequestTest.swift */,
				EDDF68BC1D93BA6500D6436A /* PGResponseTest.swift */,
			);
			path = NetworkTests;
			sourceTree = "<group>";
		};
		EDDF68BD1D93BA6500D6436A /* SDKConfigurationTests */ = {
			isa = PBXGroup;
			children = (
				EDDF68BE1D93BA6500D6436A /* PGSDKConfigurationTest.swift */,
			);
			path = SDKConfigurationTests;
			sourceTree = "<group>";
		};
		EDDF68C01D93BA6500D6436A /* UtilitiesTests */ = {
			isa = PBXGroup;
			children = (
				EDDF68C11D93BA6500D6436A /* PGNetworkHelperTest.swift */,
			);
			path = UtilitiesTests;
			sourceTree = "<group>";
		};
		EDDF68D91D93BAA400D6436A /* Supporting Files */ = {
			isa = PBXGroup;
			children = (
				EDDF68BF1D93BA6500D6436A /* TestSampleJson.plist */,
				D95E1BED1D88D63400F94976 /* Info.plist */,
			);
			name = "Supporting Files";
			sourceTree = "<group>";
		};
/* End PBXGroup section */

/* Begin PBXHeadersBuildPhase section */
		D95E1BDA1D88D63300F94976 /* Headers */ = {
			isa = PBXHeadersBuildPhase;
			buildActionMask = 2147483647;
			files = (
				D95E1BEE1D88D63400F94976 /* PGNetworkSDK.h in Headers */,
			);
			runOnlyForDeploymentPostprocessing = 0;
		};
/* End PBXHeadersBuildPhase section */

/* Begin PBXNativeTarget section */
		D95E1BDC1D88D63300F94976 /* PGNetworkSDK */ = {
			isa = PBXNativeTarget;
			buildConfigurationList = D95E1BF11D88D63400F94976 /* Build configuration list for PBXNativeTarget "PGNetworkSDK" */;
			buildPhases = (
				7BAC77511DDAFA3000BD8ADE /* ShellScript */,
				D95E1BD81D88D63300F94976 /* Sources */,
				D95E1BD91D88D63300F94976 /* Frameworks */,
				D95E1BDA1D88D63300F94976 /* Headers */,
				D95E1BDB1D88D63300F94976 /* Resources */,
			);
			buildRules = (
			);
			dependencies = (
			);
			name = PGNetworkSDK;
			productName = PGNetworkSDK;
			productReference = D95E1BDD1D88D63300F94976 /* PGNetworkSDK.framework */;
			productType = "com.apple.product-type.framework";
		};
		D95E1BE51D88D63400F94976 /* PGNetworkSDKTests */ = {
			isa = PBXNativeTarget;
			buildConfigurationList = D95E1BF41D88D63400F94976 /* Build configuration list for PBXNativeTarget "PGNetworkSDKTests" */;
			buildPhases = (
				D95E1BE21D88D63400F94976 /* Sources */,
				D95E1BE31D88D63400F94976 /* Frameworks */,
				D95E1BE41D88D63400F94976 /* Resources */,
				7B99EEAE1DED35EF00893D53 /* ShellScript */,
			);
			buildRules = (
			);
			dependencies = (
				D95E1BE91D88D63400F94976 /* PBXTargetDependency */,
			);
			name = PGNetworkSDKTests;
			productName = PGNetworkSDKTests;
			productReference = D95E1BE61D88D63400F94976 /* PGNetworkSDKTests.xctest */;
			productType = "com.apple.product-type.bundle.unit-test";
		};
/* End PBXNativeTarget section */

/* Begin PBXProject section */
		D95E1BD41D88D63200F94976 /* Project object */ = {
			isa = PBXProject;
			attributes = {
				LastSwiftUpdateCheck = 0800;
				LastUpgradeCheck = 0800;
				ORGANIZATIONNAME = "PropertyGuru Pte Ltd";
				TargetAttributes = {
					D95E1BDC1D88D63300F94976 = {
						CreatedOnToolsVersion = 8.0;
						LastSwiftMigration = 0800;
						ProvisioningStyle = Automatic;
					};
					D95E1BE51D88D63400F94976 = {
						CreatedOnToolsVersion = 8.0;
						ProvisioningStyle = Manual;
					};
				};
			};
			buildConfigurationList = D95E1BD71D88D63300F94976 /* Build configuration list for PBXProject "PGNetworkSDK" */;
			compatibilityVersion = "Xcode 3.2";
			developmentRegion = English;
			hasScannedForEncodings = 0;
			knownRegions = (
				en,
			);
			mainGroup = D95E1BD31D88D63200F94976;
			productRefGroup = D95E1BDE1D88D63300F94976 /* Products */;
			projectDirPath = "";
			projectRoot = "";
			targets = (
				D95E1BDC1D88D63300F94976 /* PGNetworkSDK */,
				D95E1BE51D88D63400F94976 /* PGNetworkSDKTests */,
			);
		};
/* End PBXProject section */

/* Begin PBXResourcesBuildPhase section */
		D95E1BDB1D88D63300F94976 /* Resources */ = {
			isa = PBXResourcesBuildPhase;
			buildActionMask = 2147483647;
			files = (
				7BAC775B1DDB09A800BD8ADE /* PGinfo.data in Resources */,
			);
			runOnlyForDeploymentPostprocessing = 0;
		};
		D95E1BE41D88D63400F94976 /* Resources */ = {
			isa = PBXResourcesBuildPhase;
			buildActionMask = 2147483647;
			files = (
				EDDF68D71D93BA6500D6436A /* TestSampleJson.plist in Resources */,
			);
			runOnlyForDeploymentPostprocessing = 0;
		};
/* End PBXResourcesBuildPhase section */

/* Begin PBXShellScriptBuildPhase section */
		7B99EEAE1DED35EF00893D53 /* ShellScript */ = {
			isa = PBXShellScriptBuildPhase;
			buildActionMask = 2147483647;
			files = (
			);
			inputPaths = (
				"$(SRCROOT)/Carthage/Build/iOS/AES.framework",
			);
			outputPaths = (
			);
			runOnlyForDeploymentPostprocessing = 0;
			shellPath = /bin/sh;
			shellScript = "carthage copy-frameworks";
		};
		7BAC77511DDAFA3000BD8ADE /* ShellScript */ = {
			isa = PBXShellScriptBuildPhase;
			buildActionMask = 2147483647;
			files = (
			);
			inputPaths = (
			);
			outputPaths = (
			);
			runOnlyForDeploymentPostprocessing = 0;
			shellPath = /bin/sh;
			shellScript = "# Encrypt plist file\n/usr/bin/env xcrun --sdk macosx swift ./Scripts/main.swift encrypt -f \"${SRCROOT}/Source/SDKConfiguration/PGNetworkApiPath.plist\" -n \"PGinfo.data\" -o \"${SRCROOT}/Source/SDKConfiguration\"";
		};
/* End PBXShellScriptBuildPhase section */

/* Begin PBXSourcesBuildPhase section */
		D95E1BD81D88D63300F94976 /* Sources */ = {
			isa = PBXSourcesBuildPhase;
			buildActionMask = 2147483647;
			files = (
				EDDF68311D93B82100D6436A /* PGCalculatorRequest.swift in Sources */,
				1C610A7D1DA251E70005795B /* PropertySearchResponseHandler.swift in Sources */,
				EDDF68361D93B82100D6436A /* CondoDetailResponse.swift in Sources */,
				EDDF68441D93B82100D6436A /* PGNewLaunchesRequest.swift in Sources */,
				EDDF682F1D93B82100D6436A /* PGCalculator.swift in Sources */,
				EDDF68331D93B82100D6436A /* CondoCSAQueryResponse.swift in Sources */,
				EDCC4D081DCC47EC0057A3BD /* PGShortlistRequestHandler.swift in Sources */,
				EDDF68601D93B82100D6436A /* PGSharedModels.swift in Sources */,
				EDDF68471D93B82100D6436A /* PGNewsRequest.swift in Sources */,
				EDDF68451D93B82100D6436A /* PGNewLaunchesResponse.swift in Sources */,
				EDDF68521D93B82100D6436A /* CondoTransactionResponse.swift in Sources */,
				EDDF68511D93B82100D6436A /* CondoTransactionRequest.swift in Sources */,
				EDDF68321D93B82100D6436A /* CondoCSAQueryRequest.swift in Sources */,
				EDDF682C1D93B82100D6436A /* PGAutocompleteRequest.swift in Sources */,
				EDDF68571D93B82100D6436A /* Bulldog.swift in Sources */,
				7BAC77531DDAFAC200BD8ADE /* NetworkPlistConfiguration.swift in Sources */,
				EDDF68461D93B82100D6436A /* PGNewLaunchesResponseHandler.swift in Sources */,
				EDDF685B1D93B82100D6436A /* PGRequest.swift in Sources */,
				1C6316631DA237F300F2D367 /* PropertyLocationResponseHandler.swift in Sources */,
				EDDF684F1D93B82100D6436A /* PGReferenceDataResponsesHandler.swift in Sources */,
				EDDF684C1D93B82100D6436A /* PGOverseasResponseHandler.swift in Sources */,
				EDDF684E1D93B82100D6436A /* PGReferenceDataResponses.swift in Sources */,
				EDDF68391D93B82100D6436A /* CondoListRequest.swift in Sources */,
				EDDF682D1D93B82100D6436A /* PGAutocompleteResponse.swift in Sources */,
				1C610A7C1DA251E70005795B /* PropertySearchResponse.swift in Sources */,
				EDDF68301D93B82100D6436A /* PGCalculatorHandler.swift in Sources */,
				EDDF682E1D93B82100D6436A /* PGAutocompleteResponseHandler.swift in Sources */,
				EDDA42511DDAA554000AFFB5 /* PriceTrendResponse.swift in Sources */,
				EDDF68291D93B82100D6436A /* PGAgentRequest.swift in Sources */,
				1C63165A1DA236C400F2D367 /* PropertyLocationRequest.swift in Sources */,
				EDDF682B1D93B82100D6436A /* PGAgentResponseHandler.swift in Sources */,
				EDDF68541D93B82100D6436A /* PGUserRequest.swift in Sources */,
				EDDF68341D93B82100D6436A /* CondoCSAQueryResponseHandler.swift in Sources */,
				EDDF685C1D93B82100D6436A /* PGResponse.swift in Sources */,
				EDCC4D0A1DCC4AB10057A3BD /* PGShortlistResponse.swift in Sources */,
				EDC76EE91DE7F81F00F2DB89 /* BoostRequest.swift in Sources */,
				EDDF68551D93B82100D6436A /* PGUserResponse.swift in Sources */,
				EDDF68491D93B82100D6436A /* PGNewsResponseHandler.swift in Sources */,
				EDDF68351D93B82100D6436A /* CondoDetailRequest.swift in Sources */,
				EDDF68591D93B82100D6436A /* PGNetworkError.swift in Sources */,
				EDDF68481D93B82100D6436A /* PGNewsResponse.swift in Sources */,
				EDDF684B1D93B82100D6436A /* PGOverseasResponse.swift in Sources */,
				EDDA424F1DDAA389000AFFB5 /* PriceTrendRequest.swift in Sources */,
				EDC7629E1DD070D900DA9F5F /* PGAlertRequest.swift in Sources */,
				EDDF68421D93B82100D6436A /* PGDeveloperProjectResponse.swift in Sources */,
				EDDF68561D93B82100D6436A /* PGUserResponseHandler.swift in Sources */,
				EDDF685E1D93B82100D6436A /* PGNetworkSDKConfiguration.swift in Sources */,
				1C63165B1DA236C400F2D367 /* PropertyLocationResponse.swift in Sources */,
				EDDF683A1D93B82100D6436A /* CondoListResponse.swift in Sources */,
				EDDF684D1D93B82100D6436A /* PGReferenceDataRequests.swift in Sources */,
				EDDF683D1D93B82100D6436A /* PGListingDetailResponse+Init.swift in Sources */,
				1C610A7B1DA251E70005795B /* PropertySearchRequest.swift in Sources */,
				EDDF683F1D93B82100D6436A /* PGListingDetailResponseHandler.swift in Sources */,
				EDDF68371D93B82100D6436A /* CondoDetailResponseHandler.swift in Sources */,
				EDDF683E1D93B82100D6436A /* PGListingDetailResponse.swift in Sources */,
				EDDF683C1D93B82100D6436A /* PGListingDetailRequest.swift in Sources */,
				EDDF68381D93B82100D6436A /* CondoListingsRequest.swift in Sources */,
				EDDF68581D93B82100D6436A /* PGApiRequest.swift in Sources */,
				EDC76EEB1DE7F81F00F2DB89 /* BoostResponseHandler.swift in Sources */,
				EDDF68411D93B82100D6436A /* PGListingEnquiryResponse.swift in Sources */,
				EDDF682A1D93B82100D6436A /* PGAgentResponse.swift in Sources */,
				EDDF684A1D93B82100D6436A /* PGOverseasRequest.swift in Sources */,
				EDDF685F1D93B82100D6436A /* PGNetworkHelper.swift in Sources */,
				EDC762A01DD0715900DA9F5F /* PGAlertResponseHandler.swift in Sources */,
				EDDF68431D93B82100D6436A /* PGDeveloperProjectResponseHandler.swift in Sources */,
				EDDF683B1D93B82100D6436A /* CondoListResponseHandler.swift in Sources */,
				EDDF68531D93B82100D6436A /* CondoTransactionResponseHandler.swift in Sources */,
				EDC762A21DD0716300DA9F5F /* PGAlertResponse.swift in Sources */,
				EDDF68401D93B82100D6436A /* PGListingEnquiryRequest.swift in Sources */,
				EDC76EEA1DE7F81F00F2DB89 /* BoostResponse.swift in Sources */,
				EDDF68501D93B82100D6436A /* PGShortlistRequest.swift in Sources */,
				EDDA424D1DD9BD0D000AFFB5 /* PriceTrend.swift in Sources */,
				EDDF685A1D93B82100D6436A /* PGNetworkManager.swift in Sources */,
			);
			runOnlyForDeploymentPostprocessing = 0;
		};
		D95E1BE21D88D63400F94976 /* Sources */ = {
			isa = PBXSourcesBuildPhase;
			buildActionMask = 2147483647;
			files = (
				EDC76F0F1DEC147C00F2DB89 /* BoostActiveTest.swift in Sources */,
				EDDF68C41D93BA6500D6436A /* PGCondoDetailTest.swift in Sources */,
				EDC762A51DD0778100DA9F5F /* PGAlertTest.swift in Sources */,
				EDDF68C31D93BA6500D6436A /* PGCalculatorTest.swift in Sources */,
				EDDF68C61D93BA6500D6436A /* PGCondoListTest.swift in Sources */,
				EDDF68D31D93BA6500D6436A /* PGNetworkManagerTest.swift in Sources */,
				EDDF68D11D93BA6500D6436A /* Mocks.swift in Sources */,
				EDDF68D81D93BA6500D6436A /* PGNetworkHelperTest.swift in Sources */,
				EDDF68C81D93BA6500D6436A /* PGListingEnquiryTest.swift in Sources */,
				EDDF68CD1D93BA6500D6436A /* PGReferenceDataRequestTest.swift in Sources */,
				EDDF68CE1D93BA6500D6436A /* PGReferenceResponseTest.swift in Sources */,
				EDDF68C71D93BA6500D6436A /* ListingDetailTest.swift in Sources */,
				ED58D21D1DBF4CAC008610A4 /* PGAgentTest.swift in Sources */,
				EDDF68D51D93BA6500D6436A /* PGResponseTest.swift in Sources */,
				EDC76EEE1DE7F83300F2DB89 /* BoostCreateTest.swift in Sources */,
				EDDF68CC1D93BA6500D6436A /* PGOverseasTest.swift in Sources */,
				1C6316601DA2370800F2D367 /* PropertySearchRequestTest.swift in Sources */,
				EDDF68D21D93BA6500D6436A /* PGApiRequestTest.swift in Sources */,
				EDDF68C21D93BA6500D6436A /* PGAutocompleteTest.swift in Sources */,
				EDDF68C51D93BA6500D6436A /* PGCondoListingsTest.swift in Sources */,
				EDDF68CA1D93BA6500D6436A /* PGNewLaunchesTest.swift in Sources */,
				EDDF68D41D93BA6500D6436A /* PGRequestTest.swift in Sources */,
				EDC76F131DEC14AA00F2DB89 /* CreditQueryTest.swift in Sources */,
				EDDF68D61D93BA6500D6436A /* PGSDKConfigurationTest.swift in Sources */,
				EDC76F111DEC14A000F2DB89 /* BoostChargeTest.swift in Sources */,
				EDDA42541DDAC6FE000AFFB5 /* PriceTrendTest.swift in Sources */,
				EDDF68CF1D93BA6500D6436A /* PGShortlistRequestTest.swift in Sources */,
				ED58D21F1DBF55FC008610A4 /* PGAgentDetailTest.swift in Sources */,
				EDDF68C91D93BA6500D6436A /* SimilarListingDetailTest.swift in Sources */,
				EDDF68CB1D93BA6500D6436A /* PGNewsRequestTest.swift in Sources */,
				EDDF68D01D93BA6500D6436A /* UserRequestTest.swift in Sources */,
				ED96BBDC1DEEBFDC00D49F8C /* BoostExtendTest.swift in Sources */,
			);
			runOnlyForDeploymentPostprocessing = 0;
		};
/* End PBXSourcesBuildPhase section */

/* Begin PBXTargetDependency section */
		D95E1BE91D88D63400F94976 /* PBXTargetDependency */ = {
			isa = PBXTargetDependency;
			target = D95E1BDC1D88D63300F94976 /* PGNetworkSDK */;
			targetProxy = D95E1BE81D88D63400F94976 /* PBXContainerItemProxy */;
		};
/* End PBXTargetDependency section */

/* Begin XCBuildConfiguration section */
		D95E1BEF1D88D63400F94976 /* Debug */ = {
			isa = XCBuildConfiguration;
			buildSettings = {
				ALWAYS_SEARCH_USER_PATHS = NO;
				CLANG_ANALYZER_NONNULL = YES;
				CLANG_CXX_LANGUAGE_STANDARD = "gnu++0x";
				CLANG_CXX_LIBRARY = "libc++";
				CLANG_ENABLE_MODULES = YES;
				CLANG_ENABLE_OBJC_ARC = YES;
				CLANG_WARN_BOOL_CONVERSION = YES;
				CLANG_WARN_CONSTANT_CONVERSION = YES;
				CLANG_WARN_DIRECT_OBJC_ISA_USAGE = YES_ERROR;
				CLANG_WARN_DOCUMENTATION_COMMENTS = YES;
				CLANG_WARN_EMPTY_BODY = YES;
				CLANG_WARN_ENUM_CONVERSION = YES;
				CLANG_WARN_INFINITE_RECURSION = YES;
				CLANG_WARN_INT_CONVERSION = YES;
				CLANG_WARN_OBJC_ROOT_CLASS = YES_ERROR;
				CLANG_WARN_SUSPICIOUS_MOVES = YES;
				CLANG_WARN_UNREACHABLE_CODE = YES;
				CLANG_WARN__DUPLICATE_METHOD_MATCH = YES;
				"CODE_SIGN_IDENTITY[sdk=iphoneos*]" = "iPhone Developer";
				COPY_PHASE_STRIP = NO;
				CURRENT_PROJECT_VERSION = 1;
				DEBUG_INFORMATION_FORMAT = dwarf;
				ENABLE_STRICT_OBJC_MSGSEND = YES;
				ENABLE_TESTABILITY = YES;
				GCC_C_LANGUAGE_STANDARD = gnu99;
				GCC_DYNAMIC_NO_PIC = NO;
				GCC_NO_COMMON_BLOCKS = YES;
				GCC_OPTIMIZATION_LEVEL = 0;
				GCC_PREPROCESSOR_DEFINITIONS = (
					"DEBUG=1",
					"$(inherited)",
				);
				GCC_WARN_64_TO_32_BIT_CONVERSION = YES;
				GCC_WARN_ABOUT_RETURN_TYPE = YES_ERROR;
				GCC_WARN_UNDECLARED_SELECTOR = YES;
				GCC_WARN_UNINITIALIZED_AUTOS = YES_AGGRESSIVE;
				GCC_WARN_UNUSED_FUNCTION = YES;
				GCC_WARN_UNUSED_VARIABLE = YES;
				IPHONEOS_DEPLOYMENT_TARGET = 8.0;
				MTL_ENABLE_DEBUG_INFO = YES;
				ONLY_ACTIVE_ARCH = YES;
				SDKROOT = iphoneos;
				SWIFT_ACTIVE_COMPILATION_CONDITIONS = DEBUG;
				SWIFT_OPTIMIZATION_LEVEL = "-Onone";
				TARGETED_DEVICE_FAMILY = "1,2";
				VERSIONING_SYSTEM = "apple-generic";
				VERSION_INFO_PREFIX = "";
			};
			name = Debug;
		};
		D95E1BF01D88D63400F94976 /* Release */ = {
			isa = XCBuildConfiguration;
			buildSettings = {
				ALWAYS_SEARCH_USER_PATHS = NO;
				CLANG_ANALYZER_NONNULL = YES;
				CLANG_CXX_LANGUAGE_STANDARD = "gnu++0x";
				CLANG_CXX_LIBRARY = "libc++";
				CLANG_ENABLE_MODULES = YES;
				CLANG_ENABLE_OBJC_ARC = YES;
				CLANG_WARN_BOOL_CONVERSION = YES;
				CLANG_WARN_CONSTANT_CONVERSION = YES;
				CLANG_WARN_DIRECT_OBJC_ISA_USAGE = YES_ERROR;
				CLANG_WARN_DOCUMENTATION_COMMENTS = YES;
				CLANG_WARN_EMPTY_BODY = YES;
				CLANG_WARN_ENUM_CONVERSION = YES;
				CLANG_WARN_INFINITE_RECURSION = YES;
				CLANG_WARN_INT_CONVERSION = YES;
				CLANG_WARN_OBJC_ROOT_CLASS = YES_ERROR;
				CLANG_WARN_SUSPICIOUS_MOVES = YES;
				CLANG_WARN_UNREACHABLE_CODE = YES;
				CLANG_WARN__DUPLICATE_METHOD_MATCH = YES;
				"CODE_SIGN_IDENTITY[sdk=iphoneos*]" = "iPhone Developer";
				COPY_PHASE_STRIP = NO;
				CURRENT_PROJECT_VERSION = 1;
				DEBUG_INFORMATION_FORMAT = "dwarf-with-dsym";
				ENABLE_NS_ASSERTIONS = NO;
				ENABLE_STRICT_OBJC_MSGSEND = YES;
				GCC_C_LANGUAGE_STANDARD = gnu99;
				GCC_NO_COMMON_BLOCKS = YES;
				GCC_WARN_64_TO_32_BIT_CONVERSION = YES;
				GCC_WARN_ABOUT_RETURN_TYPE = YES_ERROR;
				GCC_WARN_UNDECLARED_SELECTOR = YES;
				GCC_WARN_UNINITIALIZED_AUTOS = YES_AGGRESSIVE;
				GCC_WARN_UNUSED_FUNCTION = YES;
				GCC_WARN_UNUSED_VARIABLE = YES;
				IPHONEOS_DEPLOYMENT_TARGET = 8.0;
				MTL_ENABLE_DEBUG_INFO = NO;
				SDKROOT = iphoneos;
				SWIFT_OPTIMIZATION_LEVEL = "-Owholemodule";
				TARGETED_DEVICE_FAMILY = "1,2";
				VALIDATE_PRODUCT = YES;
				VERSIONING_SYSTEM = "apple-generic";
				VERSION_INFO_PREFIX = "";
			};
			name = Release;
		};
		D95E1BF21D88D63400F94976 /* Debug */ = {
			isa = XCBuildConfiguration;
			buildSettings = {
				APPLICATION_EXTENSION_API_ONLY = NO;
				CLANG_ENABLE_MODULES = YES;
				CODE_SIGN_IDENTITY = "";
				"CODE_SIGN_IDENTITY[sdk=iphoneos*]" = "iPhone Developer";
				DEFINES_MODULE = YES;
				DEVELOPMENT_TEAM = "";
				DYLIB_COMPATIBILITY_VERSION = 1;
				DYLIB_CURRENT_VERSION = 1;
				DYLIB_INSTALL_NAME_BASE = "@rpath";
				FRAMEWORK_SEARCH_PATHS = (
					"$(inherited)",
					"$(PROJECT_DIR)/Carthage/Build/iOS",
				);
				INFOPLIST_FILE = Source/Info.plist;
				INSTALL_PATH = "$(LOCAL_LIBRARY_DIR)/Frameworks";
				LD_RUNPATH_SEARCH_PATHS = "$(inherited) @executable_path/Frameworks @loader_path/Frameworks";
				PRODUCT_BUNDLE_IDENTIFIER = com.propertyguru.PGNetworkSDK;
				PRODUCT_NAME = "$(TARGET_NAME)";
				SKIP_INSTALL = YES;
				SWIFT_OPTIMIZATION_LEVEL = "-Onone";
				SWIFT_VERSION = 3.0;
			};
			name = Debug;
		};
		D95E1BF31D88D63400F94976 /* Release */ = {
			isa = XCBuildConfiguration;
			buildSettings = {
				APPLICATION_EXTENSION_API_ONLY = NO;
				CLANG_ENABLE_MODULES = YES;
				CODE_SIGN_IDENTITY = "";
				"CODE_SIGN_IDENTITY[sdk=iphoneos*]" = "iPhone Developer";
				DEFINES_MODULE = YES;
				DEVELOPMENT_TEAM = "";
				DYLIB_COMPATIBILITY_VERSION = 1;
				DYLIB_CURRENT_VERSION = 1;
				DYLIB_INSTALL_NAME_BASE = "@rpath";
				FRAMEWORK_SEARCH_PATHS = (
					"$(inherited)",
					"$(PROJECT_DIR)/Carthage/Build/iOS",
				);
				INFOPLIST_FILE = Source/Info.plist;
				INSTALL_PATH = "$(LOCAL_LIBRARY_DIR)/Frameworks";
				LD_RUNPATH_SEARCH_PATHS = "$(inherited) @executable_path/Frameworks @loader_path/Frameworks";
				PRODUCT_BUNDLE_IDENTIFIER = com.propertyguru.PGNetworkSDK;
				PRODUCT_NAME = "$(TARGET_NAME)";
				SKIP_INSTALL = YES;
				SWIFT_VERSION = 3.0;
			};
			name = Release;
		};
		D95E1BF51D88D63400F94976 /* Debug */ = {
			isa = XCBuildConfiguration;
			buildSettings = {
				ALWAYS_EMBED_SWIFT_STANDARD_LIBRARIES = YES;
				DEVELOPMENT_TEAM = "";
				FRAMEWORK_SEARCH_PATHS = (
					"$(inherited)",
					"$(PROJECT_DIR)/iOS\\ Example",
				);
				INFOPLIST_FILE = Tests/Info.plist;
				LD_RUNPATH_SEARCH_PATHS = "$(inherited) @executable_path/Frameworks @loader_path/Frameworks";
				PRODUCT_BUNDLE_IDENTIFIER = "com.propertyguru.--PROJECT-NAME--Tests";
				PRODUCT_NAME = "$(TARGET_NAME)";
				SWIFT_VERSION = 3.0;
			};
			name = Debug;
		};
		D95E1BF61D88D63400F94976 /* Release */ = {
			isa = XCBuildConfiguration;
			buildSettings = {
				ALWAYS_EMBED_SWIFT_STANDARD_LIBRARIES = YES;
				DEVELOPMENT_TEAM = "";
				FRAMEWORK_SEARCH_PATHS = (
					"$(inherited)",
					"$(PROJECT_DIR)/iOS\\ Example",
				);
				INFOPLIST_FILE = Tests/Info.plist;
				LD_RUNPATH_SEARCH_PATHS = "$(inherited) @executable_path/Frameworks @loader_path/Frameworks";
				PRODUCT_BUNDLE_IDENTIFIER = "com.propertyguru.--PROJECT-NAME--Tests";
				PRODUCT_NAME = "$(TARGET_NAME)";
				SWIFT_VERSION = 3.0;
			};
			name = Release;
		};
/* End XCBuildConfiguration section */

/* Begin XCConfigurationList section */
		D95E1BD71D88D63300F94976 /* Build configuration list for PBXProject "PGNetworkSDK" */ = {
			isa = XCConfigurationList;
			buildConfigurations = (
				D95E1BEF1D88D63400F94976 /* Debug */,
				D95E1BF01D88D63400F94976 /* Release */,
			);
			defaultConfigurationIsVisible = 0;
			defaultConfigurationName = Release;
		};
		D95E1BF11D88D63400F94976 /* Build configuration list for PBXNativeTarget "PGNetworkSDK" */ = {
			isa = XCConfigurationList;
			buildConfigurations = (
				D95E1BF21D88D63400F94976 /* Debug */,
				D95E1BF31D88D63400F94976 /* Release */,
			);
			defaultConfigurationIsVisible = 0;
			defaultConfigurationName = Release;
		};
		D95E1BF41D88D63400F94976 /* Build configuration list for PBXNativeTarget "PGNetworkSDKTests" */ = {
			isa = XCConfigurationList;
			buildConfigurations = (
				D95E1BF51D88D63400F94976 /* Debug */,
				D95E1BF61D88D63400F94976 /* Release */,
			);
			defaultConfigurationIsVisible = 0;
			defaultConfigurationName = Release;
		};
/* End XCConfigurationList section */
	};
	rootObject = D95E1BD41D88D63200F94976 /* Project object */;
}
